// !$*UTF8*$!
{
	archiveVersion = 1;
	classes = {
	};
	objectVersion = 56;
	objects = {

/* Begin PBXBuildFile section */
		B0349F0D2C71DE1800DDDC92 /* AppDelegate.swift in Sources */ = {isa = PBXBuildFile; fileRef = B0349F0C2C71DE1800DDDC92 /* AppDelegate.swift */; };
		B0349F0F2C71DE1800DDDC92 /* SceneDelegate.swift in Sources */ = {isa = PBXBuildFile; fileRef = B0349F0E2C71DE1800DDDC92 /* SceneDelegate.swift */; };
		B0349F112C71DE1800DDDC92 /* ViewController.swift in Sources */ = {isa = PBXBuildFile; fileRef = B0349F102C71DE1800DDDC92 /* ViewController.swift */; };
		B0349F142C71DE1800DDDC92 /* Main.storyboard in Resources */ = {isa = PBXBuildFile; fileRef = B0349F122C71DE1800DDDC92 /* Main.storyboard */; };
		B0349F172C71DE1800DDDC92 /* ToDoApp.xcdatamodeld in Sources */ = {isa = PBXBuildFile; fileRef = B0349F152C71DE1800DDDC92 /* ToDoApp.xcdatamodeld */; };
		B0349F192C71DE1900DDDC92 /* Assets.xcassets in Resources */ = {isa = PBXBuildFile; fileRef = B0349F182C71DE1900DDDC92 /* Assets.xcassets */; };
		B0349F1C2C71DE1900DDDC92 /* LaunchScreen.storyboard in Resources */ = {isa = PBXBuildFile; fileRef = B0349F1A2C71DE1900DDDC92 /* LaunchScreen.storyboard */; };
		B0349F2E2C71E6A300DDDC92 /* ToDoData+CoreDataClass.swift in Sources */ = {isa = PBXBuildFile; fileRef = B0349F2C2C71E6A300DDDC92 /* ToDoData+CoreDataClass.swift */; };
		B0349F2F2C71E6A300DDDC92 /* ToDoData+CoreDataProperties.swift in Sources */ = {isa = PBXBuildFile; fileRef = B0349F2D2C71E6A300DDDC92 /* ToDoData+CoreDataProperties.swift */; };
		B0349F312C71FA5900DDDC92 /* CoreDataManager.swift in Sources */ = {isa = PBXBuildFile; fileRef = B0349F302C71FA5900DDDC92 /* CoreDataManager.swift */; };
		B0349F332C71FF6A00DDDC92 /* ToDoCell.swift in Sources */ = {isa = PBXBuildFile; fileRef = B0349F322C71FF6A00DDDC92 /* ToDoCell.swift */; };
		B0349F352C72037D00DDDC92 /* DetailViewController.swift in Sources */ = {isa = PBXBuildFile; fileRef = B0349F342C72037D00DDDC92 /* DetailViewController.swift */; };
		B03926E42C73B6A0004F3380 /* MyColor.swift in Sources */ = {isa = PBXBuildFile; fileRef = B03926E32C73B6A0004F3380 /* MyColor.swift */; };
		B03926E62C73B966004F3380 /* UIColor+Extension.swift in Sources */ = {isa = PBXBuildFile; fileRef = B03926E52C73B966004F3380 /* UIColor+Extension.swift */; };
/* End PBXBuildFile section */

/* Begin PBXFileReference section */
		B0349F092C71DE1800DDDC92 /* ToDoApp.app */ = {isa = PBXFileReference; explicitFileType = wrapper.application; includeInIndex = 0; path = ToDoApp.app; sourceTree = BUILT_PRODUCTS_DIR; };
		B0349F0C2C71DE1800DDDC92 /* AppDelegate.swift */ = {isa = PBXFileReference; lastKnownFileType = sourcecode.swift; path = AppDelegate.swift; sourceTree = "<group>"; };
		B0349F0E2C71DE1800DDDC92 /* SceneDelegate.swift */ = {isa = PBXFileReference; lastKnownFileType = sourcecode.swift; path = SceneDelegate.swift; sourceTree = "<group>"; };
		B0349F102C71DE1800DDDC92 /* ViewController.swift */ = {isa = PBXFileReference; lastKnownFileType = sourcecode.swift; path = ViewController.swift; sourceTree = "<group>"; };
		B0349F132C71DE1800DDDC92 /* Base */ = {isa = PBXFileReference; lastKnownFileType = file.storyboard; name = Base; path = Base.lproj/Main.storyboard; sourceTree = "<group>"; };
		B0349F162C71DE1800DDDC92 /* ToDoApp.xcdatamodel */ = {isa = PBXFileReference; lastKnownFileType = wrapper.xcdatamodel; path = ToDoApp.xcdatamodel; sourceTree = "<group>"; };
		B0349F182C71DE1900DDDC92 /* Assets.xcassets */ = {isa = PBXFileReference; lastKnownFileType = folder.assetcatalog; path = Assets.xcassets; sourceTree = "<group>"; };
		B0349F1B2C71DE1900DDDC92 /* Base */ = {isa = PBXFileReference; lastKnownFileType = file.storyboard; name = Base; path = Base.lproj/LaunchScreen.storyboard; sourceTree = "<group>"; };
		B0349F1D2C71DE1900DDDC92 /* Info.plist */ = {isa = PBXFileReference; lastKnownFileType = text.plist.xml; path = Info.plist; sourceTree = "<group>"; };
		B0349F2C2C71E6A300DDDC92 /* ToDoData+CoreDataClass.swift */ = {isa = PBXFileReference; lastKnownFileType = sourcecode.swift; path = "ToDoData+CoreDataClass.swift"; sourceTree = "<group>"; };
		B0349F2D2C71E6A300DDDC92 /* ToDoData+CoreDataProperties.swift */ = {isa = PBXFileReference; lastKnownFileType = sourcecode.swift; path = "ToDoData+CoreDataProperties.swift"; sourceTree = "<group>"; };
		B0349F302C71FA5900DDDC92 /* CoreDataManager.swift */ = {isa = PBXFileReference; lastKnownFileType = sourcecode.swift; path = CoreDataManager.swift; sourceTree = "<group>"; };
		B0349F322C71FF6A00DDDC92 /* ToDoCell.swift */ = {isa = PBXFileReference; lastKnownFileType = sourcecode.swift; path = ToDoCell.swift; sourceTree = "<group>"; };
		B0349F342C72037D00DDDC92 /* DetailViewController.swift */ = {isa = PBXFileReference; lastKnownFileType = sourcecode.swift; path = DetailViewController.swift; sourceTree = "<group>"; };
		B03926E32C73B6A0004F3380 /* MyColor.swift */ = {isa = PBXFileReference; lastKnownFileType = sourcecode.swift; path = MyColor.swift; sourceTree = "<group>"; };
		B03926E52C73B966004F3380 /* UIColor+Extension.swift */ = {isa = PBXFileReference; lastKnownFileType = sourcecode.swift; path = "UIColor+Extension.swift"; sourceTree = "<group>"; };
/* End PBXFileReference section */

/* Begin PBXFrameworksBuildPhase section */
		B0349F062C71DE1800DDDC92 /* Frameworks */ = {
			isa = PBXFrameworksBuildPhase;
			buildActionMask = 2147483647;
			files = (
			);
			runOnlyForDeploymentPostprocessing = 0;
		};
/* End PBXFrameworksBuildPhase section */

/* Begin PBXGroup section */
		B0349F002C71DE1800DDDC92 = {
			isa = PBXGroup;
			children = (
				B0349F0B2C71DE1800DDDC92 /* ToDoApp */,
				B0349F0A2C71DE1800DDDC92 /* Products */,
			);
			sourceTree = "<group>";
		};
		B0349F0A2C71DE1800DDDC92 /* Products */ = {
			isa = PBXGroup;
			children = (
				B0349F092C71DE1800DDDC92 /* ToDoApp.app */,
			);
			name = Products;
			sourceTree = "<group>";
		};
		B0349F0B2C71DE1800DDDC92 /* ToDoApp */ = {
			isa = PBXGroup;
			children = (
				B0349F0C2C71DE1800DDDC92 /* AppDelegate.swift */,
				B0349F0E2C71DE1800DDDC92 /* SceneDelegate.swift */,
				B03926E22C73B686004F3380 /* Helpers */,
				B0349F292C71E63700DDDC92 /* Models */,
				B0349F2B2C71E64E00DDDC92 /* Views */,
				B0349F2A2C71E64200DDDC92 /* Controllers */,
				B0349F182C71DE1900DDDC92 /* Assets.xcassets */,
				B0349F1A2C71DE1900DDDC92 /* LaunchScreen.storyboard */,
				B0349F1D2C71DE1900DDDC92 /* Info.plist */,
				B0349F152C71DE1800DDDC92 /* ToDoApp.xcdatamodeld */,
			);
			path = ToDoApp;
			sourceTree = "<group>";
		};
		B0349F292C71E63700DDDC92 /* Models */ = {
			isa = PBXGroup;
			children = (
				B0349F2C2C71E6A300DDDC92 /* ToDoData+CoreDataClass.swift */,
				B0349F2D2C71E6A300DDDC92 /* ToDoData+CoreDataProperties.swift */,
				B0349F302C71FA5900DDDC92 /* CoreDataManager.swift */,
			);
			path = Models;
			sourceTree = "<group>";
		};
		B0349F2A2C71E64200DDDC92 /* Controllers */ = {
			isa = PBXGroup;
			children = (
				B0349F102C71DE1800DDDC92 /* ViewController.swift */,
				B0349F342C72037D00DDDC92 /* DetailViewController.swift */,
			);
			path = Controllers;
			sourceTree = "<group>";
		};
		B0349F2B2C71E64E00DDDC92 /* Views */ = {
			isa = PBXGroup;
			children = (
				B0349F122C71DE1800DDDC92 /* Main.storyboard */,
				B0349F322C71FF6A00DDDC92 /* ToDoCell.swift */,
			);
			path = Views;
			sourceTree = "<group>";
		};
		B03926E22C73B686004F3380 /* Helpers */ = {
			isa = PBXGroup;
			children = (
				B03926E32C73B6A0004F3380 /* MyColor.swift */,
				B03926E52C73B966004F3380 /* UIColor+Extension.swift */,
			);
			path = Helpers;
			sourceTree = "<group>";
		};
/* End PBXGroup section */

/* Begin PBXNativeTarget section */
		B0349F082C71DE1800DDDC92 /* ToDoApp */ = {
			isa = PBXNativeTarget;
			buildConfigurationList = B0349F202C71DE1900DDDC92 /* Build configuration list for PBXNativeTarget "ToDoApp" */;
			buildPhases = (
				B0349F052C71DE1800DDDC92 /* Sources */,
				B0349F062C71DE1800DDDC92 /* Frameworks */,
				B0349F072C71DE1800DDDC92 /* Resources */,
			);
			buildRules = (
			);
			dependencies = (
			);
			name = ToDoApp;
			productName = ToDoApp;
			productReference = B0349F092C71DE1800DDDC92 /* ToDoApp.app */;
			productType = "com.apple.product-type.application";
		};
/* End PBXNativeTarget section */

/* Begin PBXProject section */
		B0349F012C71DE1800DDDC92 /* Project object */ = {
			isa = PBXProject;
			attributes = {
				BuildIndependentTargetsInParallel = 1;
				LastSwiftUpdateCheck = 1500;
				LastUpgradeCheck = 1500;
				TargetAttributes = {
					B0349F082C71DE1800DDDC92 = {
						CreatedOnToolsVersion = 15.0;
					};
				};
			};
			buildConfigurationList = B0349F042C71DE1800DDDC92 /* Build configuration list for PBXProject "ToDoApp" */;
			compatibilityVersion = "Xcode 14.0";
			developmentRegion = en;
			hasScannedForEncodings = 0;
			knownRegions = (
				en,
				Base,
			);
			mainGroup = B0349F002C71DE1800DDDC92;
			productRefGroup = B0349F0A2C71DE1800DDDC92 /* Products */;
			projectDirPath = "";
			projectRoot = "";
			targets = (
				B0349F082C71DE1800DDDC92 /* ToDoApp */,
			);
		};
/* End PBXProject section */

/* Begin PBXResourcesBuildPhase section */
		B0349F072C71DE1800DDDC92 /* Resources */ = {
			isa = PBXResourcesBuildPhase;
			buildActionMask = 2147483647;
			files = (
				B0349F1C2C71DE1900DDDC92 /* LaunchScreen.storyboard in Resources */,
				B0349F192C71DE1900DDDC92 /* Assets.xcassets in Resources */,
				B0349F142C71DE1800DDDC92 /* Main.storyboard in Resources */,
			);
			runOnlyForDeploymentPostprocessing = 0;
		};
/* End PBXResourcesBuildPhase section */

/* Begin PBXSourcesBuildPhase section */
		B0349F052C71DE1800DDDC92 /* Sources */ = {
			isa = PBXSourcesBuildPhase;
			buildActionMask = 2147483647;
			files = (
				B0349F352C72037D00DDDC92 /* DetailViewController.swift in Sources */,
				B0349F112C71DE1800DDDC92 /* ViewController.swift in Sources */,
				B0349F0D2C71DE1800DDDC92 /* AppDelegate.swift in Sources */,
				B03926E62C73B966004F3380 /* UIColor+Extension.swift in Sources */,
				B0349F0F2C71DE1800DDDC92 /* SceneDelegate.swift in Sources */,
				B0349F172C71DE1800DDDC92 /* ToDoApp.xcdatamodeld in Sources */,
				B03926E42C73B6A0004F3380 /* MyColor.swift in Sources */,
				B0349F2F2C71E6A300DDDC92 /* ToDoData+CoreDataProperties.swift in Sources */,
				B0349F312C71FA5900DDDC92 /* CoreDataManager.swift in Sources */,
				B0349F2E2C71E6A300DDDC92 /* ToDoData+CoreDataClass.swift in Sources */,
				B0349F332C71FF6A00DDDC92 /* ToDoCell.swift in Sources */,
			);
			runOnlyForDeploymentPostprocessing = 0;
		};
/* End PBXSourcesBuildPhase section */

/* Begin PBXVariantGroup section */
		B0349F122C71DE1800DDDC92 /* Main.storyboard */ = {
			isa = PBXVariantGroup;
			children = (
				B0349F132C71DE1800DDDC92 /* Base */,
			);
			name = Main.storyboard;
			sourceTree = "<group>";
		};
		B0349F1A2C71DE1900DDDC92 /* LaunchScreen.storyboard */ = {
			isa = PBXVariantGroup;
			children = (
				B0349F1B2C71DE1900DDDC92 /* Base */,
			);
			name = LaunchScreen.storyboard;
			sourceTree = "<group>";
		};
/* End PBXVariantGroup section */

/* Begin XCBuildConfiguration section */
		B0349F1E2C71DE1900DDDC92 /* Debug */ = {
			isa = XCBuildConfiguration;
			buildSettings = {
				ALWAYS_SEARCH_USER_PATHS = NO;
				ASSETCATALOG_COMPILER_GENERATE_SWIFT_ASSET_SYMBOL_EXTENSIONS = YES;
				CLANG_ANALYZER_NONNULL = YES;
				CLANG_ANALYZER_NUMBER_OBJECT_CONVERSION = YES_AGGRESSIVE;
				CLANG_CXX_LANGUAGE_STANDARD = "gnu++20";
				CLANG_ENABLE_MODULES = YES;
				CLANG_ENABLE_OBJC_ARC = YES;
				CLANG_ENABLE_OBJC_WEAK = YES;
				CLANG_WARN_BLOCK_CAPTURE_AUTORELEASING = YES;
				CLANG_WARN_BOOL_CONVERSION = YES;
				CLANG_WARN_COMMA = YES;
				CLANG_WARN_CONSTANT_CONVERSION = YES;
				CLANG_WARN_DEPRECATED_OBJC_IMPLEMENTATIONS = YES;
				CLANG_WARN_DIRECT_OBJC_ISA_USAGE = YES_ERROR;
				CLANG_WARN_DOCUMENTATION_COMMENTS = YES;
				CLANG_WARN_EMPTY_BODY = YES;
				CLANG_WARN_ENUM_CONVERSION = YES;
				CLANG_WARN_INFINITE_RECURSION = YES;
				CLANG_WARN_INT_CONVERSION = YES;
				CLANG_WARN_NON_LITERAL_NULL_CONVERSION = YES;
				CLANG_WARN_OBJC_IMPLICIT_RETAIN_SELF = YES;
				CLANG_WARN_OBJC_LITERAL_CONVERSION = YES;
				CLANG_WARN_OBJC_ROOT_CLASS = YES_ERROR;
				CLANG_WARN_QUOTED_INCLUDE_IN_FRAMEWORK_HEADER = YES;
				CLANG_WARN_RANGE_LOOP_ANALYSIS = YES;
				CLANG_WARN_STRICT_PROTOTYPES = YES;
				CLANG_WARN_SUSPICIOUS_MOVE = YES;
				CLANG_WARN_UNGUARDED_AVAILABILITY = YES_AGGRESSIVE;
				CLANG_WARN_UNREACHABLE_CODE = YES;
				CLANG_WARN__DUPLICATE_METHOD_MATCH = YES;
				COPY_PHASE_STRIP = NO;
				DEBUG_INFORMATION_FORMAT = dwarf;
				ENABLE_STRICT_OBJC_MSGSEND = YES;
				ENABLE_TESTABILITY = YES;
				ENABLE_USER_SCRIPT_SANDBOXING = YES;
				GCC_C_LANGUAGE_STANDARD = gnu17;
				GCC_DYNAMIC_NO_PIC = NO;
				GCC_NO_COMMON_BLOCKS = YES;
				GCC_OPTIMIZATION_LEVEL = 0;
				GCC_PREPROCESSOR_DEFINITIONS = (
					"DEBUG=1",
					"$(inherited)",
				);
				GCC_WARN_64_TO_32_BIT_CONVERSION = YES;
				GCC_WARN_ABOUT_RETURN_TYPE = YES_ERROR;
				GCC_WARN_UNDECLARED_SELECTOR = YES;
				GCC_WARN_UNINITIALIZED_AUTOS = YES_AGGRESSIVE;
				GCC_WARN_UNUSED_FUNCTION = YES;
				GCC_WARN_UNUSED_VARIABLE = YES;
				IPHONEOS_DEPLOYMENT_TARGET = 17.0;
				LOCALIZATION_PREFERS_STRING_CATALOGS = YES;
				MTL_ENABLE_DEBUG_INFO = INCLUDE_SOURCE;
				MTL_FAST_MATH = YES;
				ONLY_ACTIVE_ARCH = YES;
				SDKROOT = iphoneos;
				SWIFT_ACTIVE_COMPILATION_CONDITIONS = "DEBUG $(inherited)";
				SWIFT_OPTIMIZATION_LEVEL = "-Onone";
			};
			name = Debug;
		};
		B0349F1F2C71DE1900DDDC92 /* Release */ = {
			isa = XCBuildConfiguration;
			buildSettings = {
				ALWAYS_SEARCH_USER_PATHS = NO;
				ASSETCATALOG_COMPILER_GENERATE_SWIFT_ASSET_SYMBOL_EXTENSIONS = YES;
				CLANG_ANALYZER_NONNULL = YES;
				CLANG_ANALYZER_NUMBER_OBJECT_CONVERSION = YES_AGGRESSIVE;
				CLANG_CXX_LANGUAGE_STANDARD = "gnu++20";
				CLANG_ENABLE_MODULES = YES;
				CLANG_ENABLE_OBJC_ARC = YES;
				CLANG_ENABLE_OBJC_WEAK = YES;
				CLANG_WARN_BLOCK_CAPTURE_AUTORELEASING = YES;
				CLANG_WARN_BOOL_CONVERSION = YES;
				CLANG_WARN_COMMA = YES;
				CLANG_WARN_CONSTANT_CONVERSION = YES;
				CLANG_WARN_DEPRECATED_OBJC_IMPLEMENTATIONS = YES;
				CLANG_WARN_DIRECT_OBJC_ISA_USAGE = YES_ERROR;
				CLANG_WARN_DOCUMENTATION_COMMENTS = YES;
				CLANG_WARN_EMPTY_BODY = YES;
				CLANG_WARN_ENUM_CONVERSION = YES;
				CLANG_WARN_INFINITE_RECURSION = YES;
				CLANG_WARN_INT_CONVERSION = YES;
				CLANG_WARN_NON_LITERAL_NULL_CONVERSION = YES;
				CLANG_WARN_OBJC_IMPLICIT_RETAIN_SELF = YES;
				CLANG_WARN_OBJC_LITERAL_CONVERSION = YES;
				CLANG_WARN_OBJC_ROOT_CLASS = YES_ERROR;
				CLANG_WARN_QUOTED_INCLUDE_IN_FRAMEWORK_HEADER = YES;
				CLANG_WARN_RANGE_LOOP_ANALYSIS = YES;
				CLANG_WARN_STRICT_PROTOTYPES = YES;
				CLANG_WARN_SUSPICIOUS_MOVE = YES;
				CLANG_WARN_UNGUARDED_AVAILABILITY = YES_AGGRESSIVE;
				CLANG_WARN_UNREACHABLE_CODE = YES;
				CLANG_WARN__DUPLICATE_METHOD_MATCH = YES;
				COPY_PHASE_STRIP = NO;
				DEBUG_INFORMATION_FORMAT = "dwarf-with-dsym";
				ENABLE_NS_ASSERTIONS = NO;
				ENABLE_STRICT_OBJC_MSGSEND = YES;
				ENABLE_USER_SCRIPT_SANDBOXING = YES;
				GCC_C_LANGUAGE_STANDARD = gnu17;
				GCC_NO_COMMON_BLOCKS = YES;
				GCC_WARN_64_TO_32_BIT_CONVERSION = YES;
				GCC_WARN_ABOUT_RETURN_TYPE = YES_ERROR;
				GCC_WARN_UNDECLARED_SELECTOR = YES;
				GCC_WARN_UNINITIALIZED_AUTOS = YES_AGGRESSIVE;
				GCC_WARN_UNUSED_FUNCTION = YES;
				GCC_WARN_UNUSED_VARIABLE = YES;
				IPHONEOS_DEPLOYMENT_TARGET = 17.0;
				LOCALIZATION_PREFERS_STRING_CATALOGS = YES;
				MTL_ENABLE_DEBUG_INFO = NO;
				MTL_FAST_MATH = YES;
				SDKROOT = iphoneos;
				SWIFT_COMPILATION_MODE = wholemodule;
				VALIDATE_PRODUCT = YES;
			};
			name = Release;
		};
		B0349F212C71DE1900DDDC92 /* Debug */ = {
			isa = XCBuildConfiguration;
			buildSettings = {
				ASSETCATALOG_COMPILER_APPICON_NAME = AppIcon;
				ASSETCATALOG_COMPILER_GLOBAL_ACCENT_COLOR_NAME = AccentColor;
				CODE_SIGN_STYLE = Automatic;
				CURRENT_PROJECT_VERSION = 1;
				DEVELOPMENT_TEAM = 7Y6TYDQ939;
				GENERATE_INFOPLIST_FILE = YES;
				INFOPLIST_FILE = ToDoApp/Info.plist;
				INFOPLIST_KEY_UIApplicationSupportsIndirectInputEvents = YES;
				INFOPLIST_KEY_UILaunchStoryboardName = LaunchScreen;
				INFOPLIST_KEY_UIMainStoryboardFile = Main;
				INFOPLIST_KEY_UISupportedInterfaceOrientations_iPad = "UIInterfaceOrientationPortrait UIInterfaceOrientationPortraitUpsideDown UIInterfaceOrientationLandscapeLeft UIInterfaceOrientationLandscapeRight";
				INFOPLIST_KEY_UISupportedInterfaceOrientations_iPhone = "UIInterfaceOrientationPortrait UIInterfaceOrientationLandscapeLeft UIInterfaceOrientationLandscapeRight";
				LD_RUNPATH_SEARCH_PATHS = (
					"$(inherited)",
					"@executable_path/Frameworks",
				);
				MARKETING_VERSION = 1.0;
				PRODUCT_BUNDLE_IDENTIFIER = com.ddudios.ToDoApp;
				PRODUCT_NAME = "$(TARGET_NAME)";
				SWIFT_EMIT_LOC_STRINGS = YES;
				SWIFT_VERSION = 5.0;
				TARGETED_DEVICE_FAMILY = "1,2";
			};
			name = Debug;
		};
		B0349F222C71DE1900DDDC92 /* Release */ = {
			isa = XCBuildConfiguration;
			buildSettings = {
				ASSETCATALOG_COMPILER_APPICON_NAME = AppIcon;
				ASSETCATALOG_COMPILER_GLOBAL_ACCENT_COLOR_NAME = AccentColor;
				CODE_SIGN_STYLE = Automatic;
				CURRENT_PROJECT_VERSION = 1;
				DEVELOPMENT_TEAM = 7Y6TYDQ939;
				GENERATE_INFOPLIST_FILE = YES;
				INFOPLIST_FILE = ToDoApp/Info.plist;
				INFOPLIST_KEY_UIApplicationSupportsIndirectInputEvents = YES;
				INFOPLIST_KEY_UILaunchStoryboardName = LaunchScreen;
				INFOPLIST_KEY_UIMainStoryboardFile = Main;
				INFOPLIST_KEY_UISupportedInterfaceOrientations_iPad = "UIInterfaceOrientationPortrait UIInterfaceOrientationPortraitUpsideDown UIInterfaceOrientationLandscapeLeft UIInterfaceOrientationLandscapeRight";
				INFOPLIST_KEY_UISupportedInterfaceOrientations_iPhone = "UIInterfaceOrientationPortrait UIInterfaceOrientationLandscapeLeft UIInterfaceOrientationLandscapeRight";
				LD_RUNPATH_SEARCH_PATHS = (
					"$(inherited)",
					"@executable_path/Frameworks",
				);
				MARKETING_VERSION = 1.0;
				PRODUCT_BUNDLE_IDENTIFIER = com.ddudios.ToDoApp;
				PRODUCT_NAME = "$(TARGET_NAME)";
				SWIFT_EMIT_LOC_STRINGS = YES;
				SWIFT_VERSION = 5.0;
				TARGETED_DEVICE_FAMILY = "1,2";
			};
			name = Release;
		};
/* End XCBuildConfiguration section */

/* Begin XCConfigurationList section */
		B0349F042C71DE1800DDDC92 /* Build configuration list for PBXProject "ToDoApp" */ = {
			isa = XCConfigurationList;
			buildConfigurations = (
				B0349F1E2C71DE1900DDDC92 /* Debug */,
				B0349F1F2C71DE1900DDDC92 /* Release */,
			);
			defaultConfigurationIsVisible = 0;
			defaultConfigurationName = Release;
		};
		B0349F202C71DE1900DDDC92 /* Build configuration list for PBXNativeTarget "ToDoApp" */ = {
			isa = XCConfigurationList;
			buildConfigurations = (
				B0349F212C71DE1900DDDC92 /* Debug */,
				B0349F222C71DE1900DDDC92 /* Release */,
			);
			defaultConfigurationIsVisible = 0;
			defaultConfigurationName = Release;
		};
/* End XCConfigurationList section */

/* Begin XCVersionGroup section */
		B0349F152C71DE1800DDDC92 /* ToDoApp.xcdatamodeld */ = {
			isa = XCVersionGroup;
			children = (
				B0349F162C71DE1800DDDC92 /* ToDoApp.xcdatamodel */,
			);
			currentVersion = B0349F162C71DE1800DDDC92 /* ToDoApp.xcdatamodel */;
			path = ToDoApp.xcdatamodeld;
			sourceTree = "<group>";
			versionGroupType = wrapper.xcdatamodel;
		};
/* End XCVersionGroup section */
	};
	rootObject = B0349F012C71DE1800DDDC92 /* Project object */;
}
