// !$*UTF8*$!
{
	archiveVersion = 1;
	classes = {
	};
	objectVersion = 56;
	objects = {

/* Begin PBXBuildFile section */
		B00CCCF12C790B4800A78599 /* AppDelegate.swift in Sources */ = {isa = PBXBuildFile; fileRef = B00CCCF02C790B4800A78599 /* AppDelegate.swift */; };
		B00CCCF32C790B4800A78599 /* SceneDelegate.swift in Sources */ = {isa = PBXBuildFile; fileRef = B00CCCF22C790B4800A78599 /* SceneDelegate.swift */; };
		B00CCCF52C790B4800A78599 /* ViewController.swift in Sources */ = {isa = PBXBuildFile; fileRef = B00CCCF42C790B4800A78599 /* ViewController.swift */; };
		B00CCCF82C790B4800A78599 /* Main.storyboard in Resources */ = {isa = PBXBuildFile; fileRef = B00CCCF62C790B4800A78599 /* Main.storyboard */; };
		B00CCCFA2C790B4900A78599 /* Assets.xcassets in Resources */ = {isa = PBXBuildFile; fileRef = B00CCCF92C790B4900A78599 /* Assets.xcassets */; };
		B00CCCFD2C790B4900A78599 /* LaunchScreen.storyboard in Resources */ = {isa = PBXBuildFile; fileRef = B00CCCFB2C790B4900A78599 /* LaunchScreen.storyboard */; };
		B00CCD092C790BFA00A78599 /* DetailViewController.swift in Sources */ = {isa = PBXBuildFile; fileRef = B00CCD082C790BFA00A78599 /* DetailViewController.swift */; };
		B00CCD0B2C790C3F00A78599 /* Music.swift in Sources */ = {isa = PBXBuildFile; fileRef = B00CCD0A2C790C3F00A78599 /* Music.swift */; };
		B00CCD0D2C790C7200A78599 /* APIService.swift in Sources */ = {isa = PBXBuildFile; fileRef = B00CCD0C2C790C7200A78599 /* APIService.swift */; };
		B0767DF42C7B902D00958793 /* MusicViewModel.swift in Sources */ = {isa = PBXBuildFile; fileRef = B0767DF32C7B902D00958793 /* MusicViewModel.swift */; };
		B0767DF62C7B903600958793 /* DetailViewModel.swift in Sources */ = {isa = PBXBuildFile; fileRef = B0767DF52C7B903600958793 /* DetailViewModel.swift */; };
/* End PBXBuildFile section */

/* Begin PBXFileReference section */
		B00CCCED2C790B4800A78599 /* BasicMusicModified.app */ = {isa = PBXFileReference; explicitFileType = wrapper.application; includeInIndex = 0; path = BasicMusicModified.app; sourceTree = BUILT_PRODUCTS_DIR; };
		B00CCCF02C790B4800A78599 /* AppDelegate.swift */ = {isa = PBXFileReference; lastKnownFileType = sourcecode.swift; path = AppDelegate.swift; sourceTree = "<group>"; };
		B00CCCF22C790B4800A78599 /* SceneDelegate.swift */ = {isa = PBXFileReference; lastKnownFileType = sourcecode.swift; path = SceneDelegate.swift; sourceTree = "<group>"; };
		B00CCCF42C790B4800A78599 /* ViewController.swift */ = {isa = PBXFileReference; lastKnownFileType = sourcecode.swift; path = ViewController.swift; sourceTree = "<group>"; };
		B00CCCF72C790B4800A78599 /* Base */ = {isa = PBXFileReference; lastKnownFileType = file.storyboard; name = Base; path = Base.lproj/Main.storyboard; sourceTree = "<group>"; };
		B00CCCF92C790B4900A78599 /* Assets.xcassets */ = {isa = PBXFileReference; lastKnownFileType = folder.assetcatalog; path = Assets.xcassets; sourceTree = "<group>"; };
		B00CCCFC2C790B4900A78599 /* Base */ = {isa = PBXFileReference; lastKnownFileType = file.storyboard; name = Base; path = Base.lproj/LaunchScreen.storyboard; sourceTree = "<group>"; };
		B00CCCFE2C790B4900A78599 /* Info.plist */ = {isa = PBXFileReference; lastKnownFileType = text.plist.xml; path = Info.plist; sourceTree = "<group>"; };
		B00CCD082C790BFA00A78599 /* DetailViewController.swift */ = {isa = PBXFileReference; lastKnownFileType = sourcecode.swift; path = DetailViewController.swift; sourceTree = "<group>"; };
		B00CCD0A2C790C3F00A78599 /* Music.swift */ = {isa = PBXFileReference; lastKnownFileType = sourcecode.swift; path = Music.swift; sourceTree = "<group>"; };
		B00CCD0C2C790C7200A78599 /* APIService.swift */ = {isa = PBXFileReference; lastKnownFileType = sourcecode.swift; path = APIService.swift; sourceTree = "<group>"; };
		B0767DF32C7B902D00958793 /* MusicViewModel.swift */ = {isa = PBXFileReference; lastKnownFileType = sourcecode.swift; path = MusicViewModel.swift; sourceTree = "<group>"; };
		B0767DF52C7B903600958793 /* DetailViewModel.swift */ = {isa = PBXFileReference; lastKnownFileType = sourcecode.swift; path = DetailViewModel.swift; sourceTree = "<group>"; };
/* End PBXFileReference section */

/* Begin PBXFrameworksBuildPhase section */
		B00CCCEA2C790B4800A78599 /* Frameworks */ = {
			isa = PBXFrameworksBuildPhase;
			buildActionMask = 2147483647;
			files = (
			);
			runOnlyForDeploymentPostprocessing = 0;
		};
/* End PBXFrameworksBuildPhase section */

/* Begin PBXGroup section */
		B00CCCE42C790B4800A78599 = {
			isa = PBXGroup;
			children = (
				B00CCCEF2C790B4800A78599 /* BasicMusicModified */,
				B00CCCEE2C790B4800A78599 /* Products */,
			);
			sourceTree = "<group>";
		};
		B00CCCEE2C790B4800A78599 /* Products */ = {
			isa = PBXGroup;
			children = (
				B00CCCED2C790B4800A78599 /* BasicMusicModified.app */,
			);
			name = Products;
			sourceTree = "<group>";
		};
		B00CCCEF2C790B4800A78599 /* BasicMusicModified */ = {
			isa = PBXGroup;
			children = (
				B00CCCF02C790B4800A78599 /* AppDelegate.swift */,
				B00CCCF22C790B4800A78599 /* SceneDelegate.swift */,
				B00CCD072C790B8600A78599 /* APIService */,
				B00CCD062C790B7F00A78599 /* Models */,
				B00CCD052C790B7400A78599 /* Views */,
				B0767DF22C7B8FFA00958793 /* ViewModels */,
				B00CCCF62C790B4800A78599 /* Main.storyboard */,
				B00CCCF92C790B4900A78599 /* Assets.xcassets */,
				B00CCCFB2C790B4900A78599 /* LaunchScreen.storyboard */,
				B00CCCFE2C790B4900A78599 /* Info.plist */,
			);
			path = BasicMusicModified;
			sourceTree = "<group>";
		};
		B00CCD052C790B7400A78599 /* Views */ = {
			isa = PBXGroup;
			children = (
				B00CCCF42C790B4800A78599 /* ViewController.swift */,
				B00CCD082C790BFA00A78599 /* DetailViewController.swift */,
			);
			path = Views;
			sourceTree = "<group>";
		};
		B00CCD062C790B7F00A78599 /* Models */ = {
			isa = PBXGroup;
			children = (
				B00CCD0A2C790C3F00A78599 /* Music.swift */,
			);
			path = Models;
			sourceTree = "<group>";
		};
		B00CCD072C790B8600A78599 /* APIService */ = {
			isa = PBXGroup;
			children = (
				B00CCD0C2C790C7200A78599 /* APIService.swift */,
			);
			path = APIService;
			sourceTree = "<group>";
		};
		B0767DF22C7B8FFA00958793 /* ViewModels */ = {
			isa = PBXGroup;
			children = (
				B0767DF32C7B902D00958793 /* MusicViewModel.swift */,
				B0767DF52C7B903600958793 /* DetailViewModel.swift */,
			);
			path = ViewModels;
			sourceTree = "<group>";
		};
/* End PBXGroup section */

/* Begin PBXNativeTarget section */
		B00CCCEC2C790B4800A78599 /* BasicMusicModified */ = {
			isa = PBXNativeTarget;
			buildConfigurationList = B00CCD012C790B4900A78599 /* Build configuration list for PBXNativeTarget "BasicMusicModified" */;
			buildPhases = (
				B00CCCE92C790B4800A78599 /* Sources */,
				B00CCCEA2C790B4800A78599 /* Frameworks */,
				B00CCCEB2C790B4800A78599 /* Resources */,
			);
			buildRules = (
			);
			dependencies = (
			);
			name = BasicMusicModified;
			productName = BasicMusicModified;
			productReference = B00CCCED2C790B4800A78599 /* BasicMusicModified.app */;
			productType = "com.apple.product-type.application";
		};
/* End PBXNativeTarget section */

/* Begin PBXProject section */
		B00CCCE52C790B4800A78599 /* Project object */ = {
			isa = PBXProject;
			attributes = {
				BuildIndependentTargetsInParallel = 1;
				LastSwiftUpdateCheck = 1500;
				LastUpgradeCheck = 1500;
				TargetAttributes = {
					B00CCCEC2C790B4800A78599 = {
						CreatedOnToolsVersion = 15.0;
					};
				};
			};
			buildConfigurationList = B00CCCE82C790B4800A78599 /* Build configuration list for PBXProject "BasicMusicModified" */;
			compatibilityVersion = "Xcode 14.0";
			developmentRegion = en;
			hasScannedForEncodings = 0;
			knownRegions = (
				en,
				Base,
			);
			mainGroup = B00CCCE42C790B4800A78599;
			productRefGroup = B00CCCEE2C790B4800A78599 /* Products */;
			projectDirPath = "";
			projectRoot = "";
			targets = (
				B00CCCEC2C790B4800A78599 /* BasicMusicModified */,
			);
		};
/* End PBXProject section */

/* Begin PBXResourcesBuildPhase section */
		B00CCCEB2C790B4800A78599 /* Resources */ = {
			isa = PBXResourcesBuildPhase;
			buildActionMask = 2147483647;
			files = (
				B00CCCFD2C790B4900A78599 /* LaunchScreen.storyboard in Resources */,
				B00CCCFA2C790B4900A78599 /* Assets.xcassets in Resources */,
				B00CCCF82C790B4800A78599 /* Main.storyboard in Resources */,
			);
			runOnlyForDeploymentPostprocessing = 0;
		};
/* End PBXResourcesBuildPhase section */

/* Begin PBXSourcesBuildPhase section */
		B00CCCE92C790B4800A78599 /* Sources */ = {
			isa = PBXSourcesBuildPhase;
			buildActionMask = 2147483647;
			files = (
				B00CCCF52C790B4800A78599 /* ViewController.swift in Sources */,
				B00CCD092C790BFA00A78599 /* DetailViewController.swift in Sources */,
				B0767DF42C7B902D00958793 /* MusicViewModel.swift in Sources */,
				B00CCD0B2C790C3F00A78599 /* Music.swift in Sources */,
				B00CCCF12C790B4800A78599 /* AppDelegate.swift in Sources */,
				B00CCD0D2C790C7200A78599 /* APIService.swift in Sources */,
				B00CCCF32C790B4800A78599 /* SceneDelegate.swift in Sources */,
				B0767DF62C7B903600958793 /* DetailViewModel.swift in Sources */,
			);
			runOnlyForDeploymentPostprocessing = 0;
		};
/* End PBXSourcesBuildPhase section */

/* Begin PBXVariantGroup section */
		B00CCCF62C790B4800A78599 /* Main.storyboard */ = {
			isa = PBXVariantGroup;
			children = (
				B00CCCF72C790B4800A78599 /* Base */,
			);
			name = Main.storyboard;
			sourceTree = "<group>";
		};
		B00CCCFB2C790B4900A78599 /* LaunchScreen.storyboard */ = {
			isa = PBXVariantGroup;
			children = (
				B00CCCFC2C790B4900A78599 /* Base */,
			);
			name = LaunchScreen.storyboard;
			sourceTree = "<group>";
		};
/* End PBXVariantGroup section */

/* Begin XCBuildConfiguration section */
		B00CCCFF2C790B4900A78599 /* Debug */ = {
			isa = XCBuildConfiguration;
			buildSettings = {
				ALWAYS_SEARCH_USER_PATHS = NO;
				ASSETCATALOG_COMPILER_GENERATE_SWIFT_ASSET_SYMBOL_EXTENSIONS = YES;
				CLANG_ANALYZER_NONNULL = YES;
				CLANG_ANALYZER_NUMBER_OBJECT_CONVERSION = YES_AGGRESSIVE;
				CLANG_CXX_LANGUAGE_STANDARD = "gnu++20";
				CLANG_ENABLE_MODULES = YES;
				CLANG_ENABLE_OBJC_ARC = YES;
				CLANG_ENABLE_OBJC_WEAK = YES;
				CLANG_WARN_BLOCK_CAPTURE_AUTORELEASING = YES;
				CLANG_WARN_BOOL_CONVERSION = YES;
				CLANG_WARN_COMMA = YES;
				CLANG_WARN_CONSTANT_CONVERSION = YES;
				CLANG_WARN_DEPRECATED_OBJC_IMPLEMENTATIONS = YES;
				CLANG_WARN_DIRECT_OBJC_ISA_USAGE = YES_ERROR;
				CLANG_WARN_DOCUMENTATION_COMMENTS = YES;
				CLANG_WARN_EMPTY_BODY = YES;
				CLANG_WARN_ENUM_CONVERSION = YES;
				CLANG_WARN_INFINITE_RECURSION = YES;
				CLANG_WARN_INT_CONVERSION = YES;
				CLANG_WARN_NON_LITERAL_NULL_CONVERSION = YES;
				CLANG_WARN_OBJC_IMPLICIT_RETAIN_SELF = YES;
				CLANG_WARN_OBJC_LITERAL_CONVERSION = YES;
				CLANG_WARN_OBJC_ROOT_CLASS = YES_ERROR;
				CLANG_WARN_QUOTED_INCLUDE_IN_FRAMEWORK_HEADER = YES;
				CLANG_WARN_RANGE_LOOP_ANALYSIS = YES;
				CLANG_WARN_STRICT_PROTOTYPES = YES;
				CLANG_WARN_SUSPICIOUS_MOVE = YES;
				CLANG_WARN_UNGUARDED_AVAILABILITY = YES_AGGRESSIVE;
				CLANG_WARN_UNREACHABLE_CODE = YES;
				CLANG_WARN__DUPLICATE_METHOD_MATCH = YES;
				COPY_PHASE_STRIP = NO;
				DEBUG_INFORMATION_FORMAT = dwarf;
				ENABLE_STRICT_OBJC_MSGSEND = YES;
				ENABLE_TESTABILITY = YES;
				ENABLE_USER_SCRIPT_SANDBOXING = YES;
				GCC_C_LANGUAGE_STANDARD = gnu17;
				GCC_DYNAMIC_NO_PIC = NO;
				GCC_NO_COMMON_BLOCKS = YES;
				GCC_OPTIMIZATION_LEVEL = 0;
				GCC_PREPROCESSOR_DEFINITIONS = (
					"DEBUG=1",
					"$(inherited)",
				);
				GCC_WARN_64_TO_32_BIT_CONVERSION = YES;
				GCC_WARN_ABOUT_RETURN_TYPE = YES_ERROR;
				GCC_WARN_UNDECLARED_SELECTOR = YES;
				GCC_WARN_UNINITIALIZED_AUTOS = YES_AGGRESSIVE;
				GCC_WARN_UNUSED_FUNCTION = YES;
				GCC_WARN_UNUSED_VARIABLE = YES;
				IPHONEOS_DEPLOYMENT_TARGET = 17.0;
				LOCALIZATION_PREFERS_STRING_CATALOGS = YES;
				MTL_ENABLE_DEBUG_INFO = INCLUDE_SOURCE;
				MTL_FAST_MATH = YES;
				ONLY_ACTIVE_ARCH = YES;
				SDKROOT = iphoneos;
				SWIFT_ACTIVE_COMPILATION_CONDITIONS = "DEBUG $(inherited)";
				SWIFT_OPTIMIZATION_LEVEL = "-Onone";
			};
			name = Debug;
		};
		B00CCD002C790B4900A78599 /* Release */ = {
			isa = XCBuildConfiguration;
			buildSettings = {
				ALWAYS_SEARCH_USER_PATHS = NO;
				ASSETCATALOG_COMPILER_GENERATE_SWIFT_ASSET_SYMBOL_EXTENSIONS = YES;
				CLANG_ANALYZER_NONNULL = YES;
				CLANG_ANALYZER_NUMBER_OBJECT_CONVERSION = YES_AGGRESSIVE;
				CLANG_CXX_LANGUAGE_STANDARD = "gnu++20";
				CLANG_ENABLE_MODULES = YES;
				CLANG_ENABLE_OBJC_ARC = YES;
				CLANG_ENABLE_OBJC_WEAK = YES;
				CLANG_WARN_BLOCK_CAPTURE_AUTORELEASING = YES;
				CLANG_WARN_BOOL_CONVERSION = YES;
				CLANG_WARN_COMMA = YES;
				CLANG_WARN_CONSTANT_CONVERSION = YES;
				CLANG_WARN_DEPRECATED_OBJC_IMPLEMENTATIONS = YES;
				CLANG_WARN_DIRECT_OBJC_ISA_USAGE = YES_ERROR;
				CLANG_WARN_DOCUMENTATION_COMMENTS = YES;
				CLANG_WARN_EMPTY_BODY = YES;
				CLANG_WARN_ENUM_CONVERSION = YES;
				CLANG_WARN_INFINITE_RECURSION = YES;
				CLANG_WARN_INT_CONVERSION = YES;
				CLANG_WARN_NON_LITERAL_NULL_CONVERSION = YES;
				CLANG_WARN_OBJC_IMPLICIT_RETAIN_SELF = YES;
				CLANG_WARN_OBJC_LITERAL_CONVERSION = YES;
				CLANG_WARN_OBJC_ROOT_CLASS = YES_ERROR;
				CLANG_WARN_QUOTED_INCLUDE_IN_FRAMEWORK_HEADER = YES;
				CLANG_WARN_RANGE_LOOP_ANALYSIS = YES;
				CLANG_WARN_STRICT_PROTOTYPES = YES;
				CLANG_WARN_SUSPICIOUS_MOVE = YES;
				CLANG_WARN_UNGUARDED_AVAILABILITY = YES_AGGRESSIVE;
				CLANG_WARN_UNREACHABLE_CODE = YES;
				CLANG_WARN__DUPLICATE_METHOD_MATCH = YES;
				COPY_PHASE_STRIP = NO;
				DEBUG_INFORMATION_FORMAT = "dwarf-with-dsym";
				ENABLE_NS_ASSERTIONS = NO;
				ENABLE_STRICT_OBJC_MSGSEND = YES;
				ENABLE_USER_SCRIPT_SANDBOXING = YES;
				GCC_C_LANGUAGE_STANDARD = gnu17;
				GCC_NO_COMMON_BLOCKS = YES;
				GCC_WARN_64_TO_32_BIT_CONVERSION = YES;
				GCC_WARN_ABOUT_RETURN_TYPE = YES_ERROR;
				GCC_WARN_UNDECLARED_SELECTOR = YES;
				GCC_WARN_UNINITIALIZED_AUTOS = YES_AGGRESSIVE;
				GCC_WARN_UNUSED_FUNCTION = YES;
				GCC_WARN_UNUSED_VARIABLE = YES;
				IPHONEOS_DEPLOYMENT_TARGET = 17.0;
				LOCALIZATION_PREFERS_STRING_CATALOGS = YES;
				MTL_ENABLE_DEBUG_INFO = NO;
				MTL_FAST_MATH = YES;
				SDKROOT = iphoneos;
				SWIFT_COMPILATION_MODE = wholemodule;
				VALIDATE_PRODUCT = YES;
			};
			name = Release;
		};
		B00CCD022C790B4900A78599 /* Debug */ = {
			isa = XCBuildConfiguration;
			buildSettings = {
				ASSETCATALOG_COMPILER_APPICON_NAME = AppIcon;
				ASSETCATALOG_COMPILER_GLOBAL_ACCENT_COLOR_NAME = AccentColor;
				CODE_SIGN_STYLE = Automatic;
				CURRENT_PROJECT_VERSION = 1;
				DEVELOPMENT_TEAM = 7Y6TYDQ939;
				GENERATE_INFOPLIST_FILE = YES;
				INFOPLIST_FILE = BasicMusicModified/Info.plist;
				INFOPLIST_KEY_UIApplicationSupportsIndirectInputEvents = YES;
				INFOPLIST_KEY_UILaunchStoryboardName = LaunchScreen;
				INFOPLIST_KEY_UIMainStoryboardFile = Main;
				INFOPLIST_KEY_UISupportedInterfaceOrientations = UIInterfaceOrientationPortrait;
				INFOPLIST_KEY_UISupportedInterfaceOrientations_iPad = "UIInterfaceOrientationLandscapeLeft UIInterfaceOrientationLandscapeRight UIInterfaceOrientationPortrait UIInterfaceOrientationPortraitUpsideDown";
				IPHONEOS_DEPLOYMENT_TARGET = 13.0;
				LD_RUNPATH_SEARCH_PATHS = (
					"$(inherited)",
					"@executable_path/Frameworks",
				);
				MARKETING_VERSION = 1.0;
				PRODUCT_BUNDLE_IDENTIFIER = com.ddudios.BasicMusicModified;
				PRODUCT_NAME = "$(TARGET_NAME)";
				SUPPORTED_PLATFORMS = "iphoneos iphonesimulator";
				SUPPORTS_MACCATALYST = NO;
				SUPPORTS_MAC_DESIGNED_FOR_IPHONE_IPAD = NO;
				SWIFT_EMIT_LOC_STRINGS = YES;
				SWIFT_VERSION = 5.0;
				TARGETED_DEVICE_FAMILY = 1;
			};
			name = Debug;
		};
		B00CCD032C790B4900A78599 /* Release */ = {
			isa = XCBuildConfiguration;
			buildSettings = {
				ASSETCATALOG_COMPILER_APPICON_NAME = AppIcon;
				ASSETCATALOG_COMPILER_GLOBAL_ACCENT_COLOR_NAME = AccentColor;
				CODE_SIGN_STYLE = Automatic;
				CURRENT_PROJECT_VERSION = 1;
				DEVELOPMENT_TEAM = 7Y6TYDQ939;
				GENERATE_INFOPLIST_FILE = YES;
				INFOPLIST_FILE = BasicMusicModified/Info.plist;
				INFOPLIST_KEY_UIApplicationSupportsIndirectInputEvents = YES;
				INFOPLIST_KEY_UILaunchStoryboardName = LaunchScreen;
				INFOPLIST_KEY_UIMainStoryboardFile = Main;
				INFOPLIST_KEY_UISupportedInterfaceOrientations = UIInterfaceOrientationPortrait;
				INFOPLIST_KEY_UISupportedInterfaceOrientations_iPad = "UIInterfaceOrientationLandscapeLeft UIInterfaceOrientationLandscapeRight UIInterfaceOrientationPortrait UIInterfaceOrientationPortraitUpsideDown";
				IPHONEOS_DEPLOYMENT_TARGET = 13.0;
				LD_RUNPATH_SEARCH_PATHS = (
					"$(inherited)",
					"@executable_path/Frameworks",
				);
				MARKETING_VERSION = 1.0;
				PRODUCT_BUNDLE_IDENTIFIER = com.ddudios.BasicMusicModified;
				PRODUCT_NAME = "$(TARGET_NAME)";
				SUPPORTED_PLATFORMS = "iphoneos iphonesimulator";
				SUPPORTS_MACCATALYST = NO;
				SUPPORTS_MAC_DESIGNED_FOR_IPHONE_IPAD = NO;
				SWIFT_EMIT_LOC_STRINGS = YES;
				SWIFT_VERSION = 5.0;
				TARGETED_DEVICE_FAMILY = 1;
			};
			name = Release;
		};
/* End XCBuildConfiguration section */

/* Begin XCConfigurationList section */
		B00CCCE82C790B4800A78599 /* Build configuration list for PBXProject "BasicMusicModified" */ = {
			isa = XCConfigurationList;
			buildConfigurations = (
				B00CCCFF2C790B4900A78599 /* Debug */,
				B00CCD002C790B4900A78599 /* Release */,
			);
			defaultConfigurationIsVisible = 0;
			defaultConfigurationName = Release;
		};
		B00CCD012C790B4900A78599 /* Build configuration list for PBXNativeTarget "BasicMusicModified" */ = {
			isa = XCConfigurationList;
			buildConfigurations = (
				B00CCD022C790B4900A78599 /* Debug */,
				B00CCD032C790B4900A78599 /* Release */,
			);
			defaultConfigurationIsVisible = 0;
			defaultConfigurationName = Release;
		};
/* End XCConfigurationList section */
	};
	rootObject = B00CCCE52C790B4800A78599 /* Project object */;
}
