// !$*UTF8*$!
{
	archiveVersion = 1;
	classes = {
	};
	objectVersion = 56;
	objects = {

/* Begin PBXBuildFile section */
		B09D34F92C64E6480092BBEA /* AppDelegate.swift in Sources */ = {isa = PBXBuildFile; fileRef = B09D34F82C64E6480092BBEA /* AppDelegate.swift */; };
		B09D34FB2C64E6480092BBEA /* SceneDelegate.swift in Sources */ = {isa = PBXBuildFile; fileRef = B09D34FA2C64E6480092BBEA /* SceneDelegate.swift */; };
		B09D34FD2C64E6480092BBEA /* ListViewController.swift in Sources */ = {isa = PBXBuildFile; fileRef = B09D34FC2C64E6480092BBEA /* ListViewController.swift */; };
		B09D35002C64E6480092BBEA /* Main.storyboard in Resources */ = {isa = PBXBuildFile; fileRef = B09D34FE2C64E6480092BBEA /* Main.storyboard */; };
		B09D35022C64E64A0092BBEA /* Assets.xcassets in Resources */ = {isa = PBXBuildFile; fileRef = B09D35012C64E64A0092BBEA /* Assets.xcassets */; };
		B09D35052C64E64A0092BBEA /* LaunchScreen.storyboard in Resources */ = {isa = PBXBuildFile; fileRef = B09D35032C64E64A0092BBEA /* LaunchScreen.storyboard */; };
		B09D35102C64EC690092BBEA /* Member.swift in Sources */ = {isa = PBXBuildFile; fileRef = B09D350F2C64EC690092BBEA /* Member.swift */; };
		B0E6C1DE2C7F124600DB3C70 /* MemberListViewModel.swift in Sources */ = {isa = PBXBuildFile; fileRef = B0E6C1DD2C7F124600DB3C70 /* MemberListViewModel.swift */; };
		B0E6C1E02C7F163700DB3C70 /* MemberViewModel.swift in Sources */ = {isa = PBXBuildFile; fileRef = B0E6C1DF2C7F163700DB3C70 /* MemberViewModel.swift */; };
		B0FCA2902C673D4C007EF69E /* MemberListManager.swift in Sources */ = {isa = PBXBuildFile; fileRef = B0FCA28F2C673D4C007EF69E /* MemberListManager.swift */; };
		B0FCA2922C674789007EF69E /* MyTableViewCell.swift in Sources */ = {isa = PBXBuildFile; fileRef = B0FCA2912C674789007EF69E /* MyTableViewCell.swift */; };
		B0FCA2942C67AFD6007EF69E /* DetailViewController.swift in Sources */ = {isa = PBXBuildFile; fileRef = B0FCA2932C67AFD6007EF69E /* DetailViewController.swift */; };
/* End PBXBuildFile section */

/* Begin PBXFileReference section */
		B09D34F52C64E6480092BBEA /* MemberList.app */ = {isa = PBXFileReference; explicitFileType = wrapper.application; includeInIndex = 0; path = MemberList.app; sourceTree = BUILT_PRODUCTS_DIR; };
		B09D34F82C64E6480092BBEA /* AppDelegate.swift */ = {isa = PBXFileReference; lastKnownFileType = sourcecode.swift; path = AppDelegate.swift; sourceTree = "<group>"; };
		B09D34FA2C64E6480092BBEA /* SceneDelegate.swift */ = {isa = PBXFileReference; lastKnownFileType = sourcecode.swift; path = SceneDelegate.swift; sourceTree = "<group>"; };
		B09D34FC2C64E6480092BBEA /* ListViewController.swift */ = {isa = PBXFileReference; lastKnownFileType = sourcecode.swift; path = ListViewController.swift; sourceTree = "<group>"; };
		B09D34FF2C64E6480092BBEA /* Base */ = {isa = PBXFileReference; lastKnownFileType = file.storyboard; name = Base; path = Base.lproj/Main.storyboard; sourceTree = "<group>"; };
		B09D35012C64E64A0092BBEA /* Assets.xcassets */ = {isa = PBXFileReference; lastKnownFileType = folder.assetcatalog; path = Assets.xcassets; sourceTree = "<group>"; };
		B09D35042C64E64A0092BBEA /* Base */ = {isa = PBXFileReference; lastKnownFileType = file.storyboard; name = Base; path = Base.lproj/LaunchScreen.storyboard; sourceTree = "<group>"; };
		B09D35062C64E64A0092BBEA /* Info.plist */ = {isa = PBXFileReference; lastKnownFileType = text.plist.xml; path = Info.plist; sourceTree = "<group>"; };
		B09D350F2C64EC690092BBEA /* Member.swift */ = {isa = PBXFileReference; lastKnownFileType = sourcecode.swift; path = Member.swift; sourceTree = "<group>"; };
		B0E6C1DD2C7F124600DB3C70 /* MemberListViewModel.swift */ = {isa = PBXFileReference; lastKnownFileType = sourcecode.swift; path = MemberListViewModel.swift; sourceTree = "<group>"; };
		B0E6C1DF2C7F163700DB3C70 /* MemberViewModel.swift */ = {isa = PBXFileReference; lastKnownFileType = sourcecode.swift; path = MemberViewModel.swift; sourceTree = "<group>"; };
		B0FCA28F2C673D4C007EF69E /* MemberListManager.swift */ = {isa = PBXFileReference; lastKnownFileType = sourcecode.swift; path = MemberListManager.swift; sourceTree = "<group>"; };
		B0FCA2912C674789007EF69E /* MyTableViewCell.swift */ = {isa = PBXFileReference; lastKnownFileType = sourcecode.swift; path = MyTableViewCell.swift; sourceTree = "<group>"; };
		B0FCA2932C67AFD6007EF69E /* DetailViewController.swift */ = {isa = PBXFileReference; lastKnownFileType = sourcecode.swift; path = DetailViewController.swift; sourceTree = "<group>"; };
/* End PBXFileReference section */

/* Begin PBXFrameworksBuildPhase section */
		B09D34F22C64E6480092BBEA /* Frameworks */ = {
			isa = PBXFrameworksBuildPhase;
			buildActionMask = 2147483647;
			files = (
			);
			runOnlyForDeploymentPostprocessing = 0;
		};
/* End PBXFrameworksBuildPhase section */

/* Begin PBXGroup section */
		B09D34EC2C64E6480092BBEA = {
			isa = PBXGroup;
			children = (
				B09D34F72C64E6480092BBEA /* MemberList */,
				B09D34F62C64E6480092BBEA /* Products */,
			);
			sourceTree = "<group>";
		};
		B09D34F62C64E6480092BBEA /* Products */ = {
			isa = PBXGroup;
			children = (
				B09D34F52C64E6480092BBEA /* MemberList.app */,
			);
			name = Products;
			sourceTree = "<group>";
		};
		B09D34F72C64E6480092BBEA /* MemberList */ = {
			isa = PBXGroup;
			children = (
				B09D34F82C64E6480092BBEA /* AppDelegate.swift */,
				B09D34FA2C64E6480092BBEA /* SceneDelegate.swift */,
				B0E6C1DC2C7F117C00DB3C70 /* Service */,
				B09D350E2C64EC270092BBEA /* Models */,
				B0E6C1DB2C7F117200DB3C70 /* ViewModels */,
				B09D350D2C64EC1E0092BBEA /* Views */,
				B09D34FE2C64E6480092BBEA /* Main.storyboard */,
				B09D35012C64E64A0092BBEA /* Assets.xcassets */,
				B09D35032C64E64A0092BBEA /* LaunchScreen.storyboard */,
				B09D35062C64E64A0092BBEA /* Info.plist */,
			);
			path = MemberList;
			sourceTree = "<group>";
		};
		B09D350D2C64EC1E0092BBEA /* Views */ = {
			isa = PBXGroup;
			children = (
				B0FCA2912C674789007EF69E /* MyTableViewCell.swift */,
				B09D34FC2C64E6480092BBEA /* ListViewController.swift */,
				B0FCA2932C67AFD6007EF69E /* DetailViewController.swift */,
			);
			path = Views;
			sourceTree = "<group>";
		};
		B09D350E2C64EC270092BBEA /* Models */ = {
			isa = PBXGroup;
			children = (
				B09D350F2C64EC690092BBEA /* Member.swift */,
			);
			path = Models;
			sourceTree = "<group>";
		};
		B0E6C1DB2C7F117200DB3C70 /* ViewModels */ = {
			isa = PBXGroup;
			children = (
				B0E6C1DD2C7F124600DB3C70 /* MemberListViewModel.swift */,
				B0E6C1DF2C7F163700DB3C70 /* MemberViewModel.swift */,
			);
			path = ViewModels;
			sourceTree = "<group>";
		};
		B0E6C1DC2C7F117C00DB3C70 /* Service */ = {
			isa = PBXGroup;
			children = (
				B0FCA28F2C673D4C007EF69E /* MemberListManager.swift */,
			);
			path = Service;
			sourceTree = "<group>";
		};
/* End PBXGroup section */

/* Begin PBXNativeTarget section */
		B09D34F42C64E6480092BBEA /* MemberList */ = {
			isa = PBXNativeTarget;
			buildConfigurationList = B09D35092C64E64A0092BBEA /* Build configuration list for PBXNativeTarget "MemberList" */;
			buildPhases = (
				B09D34F12C64E6480092BBEA /* Sources */,
				B09D34F22C64E6480092BBEA /* Frameworks */,
				B09D34F32C64E6480092BBEA /* Resources */,
			);
			buildRules = (
			);
			dependencies = (
			);
			name = MemberList;
			productName = MemberList;
			productReference = B09D34F52C64E6480092BBEA /* MemberList.app */;
			productType = "com.apple.product-type.application";
		};
/* End PBXNativeTarget section */

/* Begin PBXProject section */
		B09D34ED2C64E6480092BBEA /* Project object */ = {
			isa = PBXProject;
			attributes = {
				BuildIndependentTargetsInParallel = 1;
				LastSwiftUpdateCheck = 1500;
				LastUpgradeCheck = 1500;
				TargetAttributes = {
					B09D34F42C64E6480092BBEA = {
						CreatedOnToolsVersion = 15.0;
					};
				};
			};
			buildConfigurationList = B09D34F02C64E6480092BBEA /* Build configuration list for PBXProject "MemberList" */;
			compatibilityVersion = "Xcode 14.0";
			developmentRegion = en;
			hasScannedForEncodings = 0;
			knownRegions = (
				en,
				Base,
			);
			mainGroup = B09D34EC2C64E6480092BBEA;
			productRefGroup = B09D34F62C64E6480092BBEA /* Products */;
			projectDirPath = "";
			projectRoot = "";
			targets = (
				B09D34F42C64E6480092BBEA /* MemberList */,
			);
		};
/* End PBXProject section */

/* Begin PBXResourcesBuildPhase section */
		B09D34F32C64E6480092BBEA /* Resources */ = {
			isa = PBXResourcesBuildPhase;
			buildActionMask = 2147483647;
			files = (
				B09D35052C64E64A0092BBEA /* LaunchScreen.storyboard in Resources */,
				B09D35022C64E64A0092BBEA /* Assets.xcassets in Resources */,
				B09D35002C64E6480092BBEA /* Main.storyboard in Resources */,
			);
			runOnlyForDeploymentPostprocessing = 0;
		};
/* End PBXResourcesBuildPhase section */

/* Begin PBXSourcesBuildPhase section */
		B09D34F12C64E6480092BBEA /* Sources */ = {
			isa = PBXSourcesBuildPhase;
			buildActionMask = 2147483647;
			files = (
				B0FCA2902C673D4C007EF69E /* MemberListManager.swift in Sources */,
				B09D34FD2C64E6480092BBEA /* ListViewController.swift in Sources */,
				B09D34F92C64E6480092BBEA /* AppDelegate.swift in Sources */,
				B09D34FB2C64E6480092BBEA /* SceneDelegate.swift in Sources */,
				B0E6C1DE2C7F124600DB3C70 /* MemberListViewModel.swift in Sources */,
				B09D35102C64EC690092BBEA /* Member.swift in Sources */,
				B0FCA2922C674789007EF69E /* MyTableViewCell.swift in Sources */,
				B0FCA2942C67AFD6007EF69E /* DetailViewController.swift in Sources */,
				B0E6C1E02C7F163700DB3C70 /* MemberViewModel.swift in Sources */,
			);
			runOnlyForDeploymentPostprocessing = 0;
		};
/* End PBXSourcesBuildPhase section */

/* Begin PBXVariantGroup section */
		B09D34FE2C64E6480092BBEA /* Main.storyboard */ = {
			isa = PBXVariantGroup;
			children = (
				B09D34FF2C64E6480092BBEA /* Base */,
			);
			name = Main.storyboard;
			sourceTree = "<group>";
		};
		B09D35032C64E64A0092BBEA /* LaunchScreen.storyboard */ = {
			isa = PBXVariantGroup;
			children = (
				B09D35042C64E64A0092BBEA /* Base */,
			);
			name = LaunchScreen.storyboard;
			sourceTree = "<group>";
		};
/* End PBXVariantGroup section */

/* Begin XCBuildConfiguration section */
		B09D35072C64E64A0092BBEA /* Debug */ = {
			isa = XCBuildConfiguration;
			buildSettings = {
				ALWAYS_SEARCH_USER_PATHS = NO;
				ASSETCATALOG_COMPILER_GENERATE_SWIFT_ASSET_SYMBOL_EXTENSIONS = YES;
				CLANG_ANALYZER_NONNULL = YES;
				CLANG_ANALYZER_NUMBER_OBJECT_CONVERSION = YES_AGGRESSIVE;
				CLANG_CXX_LANGUAGE_STANDARD = "gnu++20";
				CLANG_ENABLE_MODULES = YES;
				CLANG_ENABLE_OBJC_ARC = YES;
				CLANG_ENABLE_OBJC_WEAK = YES;
				CLANG_WARN_BLOCK_CAPTURE_AUTORELEASING = YES;
				CLANG_WARN_BOOL_CONVERSION = YES;
				CLANG_WARN_COMMA = YES;
				CLANG_WARN_CONSTANT_CONVERSION = YES;
				CLANG_WARN_DEPRECATED_OBJC_IMPLEMENTATIONS = YES;
				CLANG_WARN_DIRECT_OBJC_ISA_USAGE = YES_ERROR;
				CLANG_WARN_DOCUMENTATION_COMMENTS = YES;
				CLANG_WARN_EMPTY_BODY = YES;
				CLANG_WARN_ENUM_CONVERSION = YES;
				CLANG_WARN_INFINITE_RECURSION = YES;
				CLANG_WARN_INT_CONVERSION = YES;
				CLANG_WARN_NON_LITERAL_NULL_CONVERSION = YES;
				CLANG_WARN_OBJC_IMPLICIT_RETAIN_SELF = YES;
				CLANG_WARN_OBJC_LITERAL_CONVERSION = YES;
				CLANG_WARN_OBJC_ROOT_CLASS = YES_ERROR;
				CLANG_WARN_QUOTED_INCLUDE_IN_FRAMEWORK_HEADER = YES;
				CLANG_WARN_RANGE_LOOP_ANALYSIS = YES;
				CLANG_WARN_STRICT_PROTOTYPES = YES;
				CLANG_WARN_SUSPICIOUS_MOVE = YES;
				CLANG_WARN_UNGUARDED_AVAILABILITY = YES_AGGRESSIVE;
				CLANG_WARN_UNREACHABLE_CODE = YES;
				CLANG_WARN__DUPLICATE_METHOD_MATCH = YES;
				COPY_PHASE_STRIP = NO;
				DEBUG_INFORMATION_FORMAT = dwarf;
				ENABLE_STRICT_OBJC_MSGSEND = YES;
				ENABLE_TESTABILITY = YES;
				ENABLE_USER_SCRIPT_SANDBOXING = YES;
				GCC_C_LANGUAGE_STANDARD = gnu17;
				GCC_DYNAMIC_NO_PIC = NO;
				GCC_NO_COMMON_BLOCKS = YES;
				GCC_OPTIMIZATION_LEVEL = 0;
				GCC_PREPROCESSOR_DEFINITIONS = (
					"DEBUG=1",
					"$(inherited)",
				);
				GCC_WARN_64_TO_32_BIT_CONVERSION = YES;
				GCC_WARN_ABOUT_RETURN_TYPE = YES_ERROR;
				GCC_WARN_UNDECLARED_SELECTOR = YES;
				GCC_WARN_UNINITIALIZED_AUTOS = YES_AGGRESSIVE;
				GCC_WARN_UNUSED_FUNCTION = YES;
				GCC_WARN_UNUSED_VARIABLE = YES;
				IPHONEOS_DEPLOYMENT_TARGET = 17.0;
				LOCALIZATION_PREFERS_STRING_CATALOGS = YES;
				MTL_ENABLE_DEBUG_INFO = INCLUDE_SOURCE;
				MTL_FAST_MATH = YES;
				ONLY_ACTIVE_ARCH = YES;
				SDKROOT = iphoneos;
				SWIFT_ACTIVE_COMPILATION_CONDITIONS = "DEBUG $(inherited)";
				SWIFT_OPTIMIZATION_LEVEL = "-Onone";
			};
			name = Debug;
		};
		B09D35082C64E64A0092BBEA /* Release */ = {
			isa = XCBuildConfiguration;
			buildSettings = {
				ALWAYS_SEARCH_USER_PATHS = NO;
				ASSETCATALOG_COMPILER_GENERATE_SWIFT_ASSET_SYMBOL_EXTENSIONS = YES;
				CLANG_ANALYZER_NONNULL = YES;
				CLANG_ANALYZER_NUMBER_OBJECT_CONVERSION = YES_AGGRESSIVE;
				CLANG_CXX_LANGUAGE_STANDARD = "gnu++20";
				CLANG_ENABLE_MODULES = YES;
				CLANG_ENABLE_OBJC_ARC = YES;
				CLANG_ENABLE_OBJC_WEAK = YES;
				CLANG_WARN_BLOCK_CAPTURE_AUTORELEASING = YES;
				CLANG_WARN_BOOL_CONVERSION = YES;
				CLANG_WARN_COMMA = YES;
				CLANG_WARN_CONSTANT_CONVERSION = YES;
				CLANG_WARN_DEPRECATED_OBJC_IMPLEMENTATIONS = YES;
				CLANG_WARN_DIRECT_OBJC_ISA_USAGE = YES_ERROR;
				CLANG_WARN_DOCUMENTATION_COMMENTS = YES;
				CLANG_WARN_EMPTY_BODY = YES;
				CLANG_WARN_ENUM_CONVERSION = YES;
				CLANG_WARN_INFINITE_RECURSION = YES;
				CLANG_WARN_INT_CONVERSION = YES;
				CLANG_WARN_NON_LITERAL_NULL_CONVERSION = YES;
				CLANG_WARN_OBJC_IMPLICIT_RETAIN_SELF = YES;
				CLANG_WARN_OBJC_LITERAL_CONVERSION = YES;
				CLANG_WARN_OBJC_ROOT_CLASS = YES_ERROR;
				CLANG_WARN_QUOTED_INCLUDE_IN_FRAMEWORK_HEADER = YES;
				CLANG_WARN_RANGE_LOOP_ANALYSIS = YES;
				CLANG_WARN_STRICT_PROTOTYPES = YES;
				CLANG_WARN_SUSPICIOUS_MOVE = YES;
				CLANG_WARN_UNGUARDED_AVAILABILITY = YES_AGGRESSIVE;
				CLANG_WARN_UNREACHABLE_CODE = YES;
				CLANG_WARN__DUPLICATE_METHOD_MATCH = YES;
				COPY_PHASE_STRIP = NO;
				DEBUG_INFORMATION_FORMAT = "dwarf-with-dsym";
				ENABLE_NS_ASSERTIONS = NO;
				ENABLE_STRICT_OBJC_MSGSEND = YES;
				ENABLE_USER_SCRIPT_SANDBOXING = YES;
				GCC_C_LANGUAGE_STANDARD = gnu17;
				GCC_NO_COMMON_BLOCKS = YES;
				GCC_WARN_64_TO_32_BIT_CONVERSION = YES;
				GCC_WARN_ABOUT_RETURN_TYPE = YES_ERROR;
				GCC_WARN_UNDECLARED_SELECTOR = YES;
				GCC_WARN_UNINITIALIZED_AUTOS = YES_AGGRESSIVE;
				GCC_WARN_UNUSED_FUNCTION = YES;
				GCC_WARN_UNUSED_VARIABLE = YES;
				IPHONEOS_DEPLOYMENT_TARGET = 17.0;
				LOCALIZATION_PREFERS_STRING_CATALOGS = YES;
				MTL_ENABLE_DEBUG_INFO = NO;
				MTL_FAST_MATH = YES;
				SDKROOT = iphoneos;
				SWIFT_COMPILATION_MODE = wholemodule;
				VALIDATE_PRODUCT = YES;
			};
			name = Release;
		};
		B09D350A2C64E64A0092BBEA /* Debug */ = {
			isa = XCBuildConfiguration;
			buildSettings = {
				ASSETCATALOG_COMPILER_APPICON_NAME = AppIcon;
				ASSETCATALOG_COMPILER_GLOBAL_ACCENT_COLOR_NAME = AccentColor;
				CODE_SIGN_STYLE = Automatic;
				CURRENT_PROJECT_VERSION = 1;
				DEVELOPMENT_TEAM = 7Y6TYDQ939;
				GENERATE_INFOPLIST_FILE = YES;
				INFOPLIST_FILE = MemberList/Info.plist;
				INFOPLIST_KEY_UIApplicationSupportsIndirectInputEvents = YES;
				INFOPLIST_KEY_UILaunchStoryboardName = LaunchScreen;
				INFOPLIST_KEY_UIMainStoryboardFile = Main;
				INFOPLIST_KEY_UISupportedInterfaceOrientations = UIInterfaceOrientationPortrait;
				INFOPLIST_KEY_UISupportedInterfaceOrientations_iPad = "UIInterfaceOrientationLandscapeLeft UIInterfaceOrientationLandscapeRight UIInterfaceOrientationPortrait UIInterfaceOrientationPortraitUpsideDown";
				IPHONEOS_DEPLOYMENT_TARGET = 14.0;
				LD_RUNPATH_SEARCH_PATHS = (
					"$(inherited)",
					"@executable_path/Frameworks",
				);
				MARKETING_VERSION = 1.0;
				PRODUCT_BUNDLE_IDENTIFIER = com.ddudios.MemberList;
				PRODUCT_NAME = "$(TARGET_NAME)";
				SUPPORTED_PLATFORMS = "iphoneos iphonesimulator";
				SUPPORTS_MACCATALYST = NO;
				SUPPORTS_MAC_DESIGNED_FOR_IPHONE_IPAD = NO;
				SWIFT_EMIT_LOC_STRINGS = YES;
				SWIFT_VERSION = 5.0;
				TARGETED_DEVICE_FAMILY = 1;
			};
			name = Debug;
		};
		B09D350B2C64E64A0092BBEA /* Release */ = {
			isa = XCBuildConfiguration;
			buildSettings = {
				ASSETCATALOG_COMPILER_APPICON_NAME = AppIcon;
				ASSETCATALOG_COMPILER_GLOBAL_ACCENT_COLOR_NAME = AccentColor;
				CODE_SIGN_STYLE = Automatic;
				CURRENT_PROJECT_VERSION = 1;
				DEVELOPMENT_TEAM = 7Y6TYDQ939;
				GENERATE_INFOPLIST_FILE = YES;
				INFOPLIST_FILE = MemberList/Info.plist;
				INFOPLIST_KEY_UIApplicationSupportsIndirectInputEvents = YES;
				INFOPLIST_KEY_UILaunchStoryboardName = LaunchScreen;
				INFOPLIST_KEY_UIMainStoryboardFile = Main;
				INFOPLIST_KEY_UISupportedInterfaceOrientations = UIInterfaceOrientationPortrait;
				INFOPLIST_KEY_UISupportedInterfaceOrientations_iPad = "UIInterfaceOrientationLandscapeLeft UIInterfaceOrientationLandscapeRight UIInterfaceOrientationPortrait UIInterfaceOrientationPortraitUpsideDown";
				IPHONEOS_DEPLOYMENT_TARGET = 14.0;
				LD_RUNPATH_SEARCH_PATHS = (
					"$(inherited)",
					"@executable_path/Frameworks",
				);
				MARKETING_VERSION = 1.0;
				PRODUCT_BUNDLE_IDENTIFIER = com.ddudios.MemberList;
				PRODUCT_NAME = "$(TARGET_NAME)";
				SUPPORTED_PLATFORMS = "iphoneos iphonesimulator";
				SUPPORTS_MACCATALYST = NO;
				SUPPORTS_MAC_DESIGNED_FOR_IPHONE_IPAD = NO;
				SWIFT_EMIT_LOC_STRINGS = YES;
				SWIFT_VERSION = 5.0;
				TARGETED_DEVICE_FAMILY = 1;
			};
			name = Release;
		};
/* End XCBuildConfiguration section */

/* Begin XCConfigurationList section */
		B09D34F02C64E6480092BBEA /* Build configuration list for PBXProject "MemberList" */ = {
			isa = XCConfigurationList;
			buildConfigurations = (
				B09D35072C64E64A0092BBEA /* Debug */,
				B09D35082C64E64A0092BBEA /* Release */,
			);
			defaultConfigurationIsVisible = 0;
			defaultConfigurationName = Release;
		};
		B09D35092C64E64A0092BBEA /* Build configuration list for PBXNativeTarget "MemberList" */ = {
			isa = XCConfigurationList;
			buildConfigurations = (
				B09D350A2C64E64A0092BBEA /* Debug */,
				B09D350B2C64E64A0092BBEA /* Release */,
			);
			defaultConfigurationIsVisible = 0;
			defaultConfigurationName = Release;
		};
/* End XCConfigurationList section */
	};
	rootObject = B09D34ED2C64E6480092BBEA /* Project object */;
}
