// !$*UTF8*$!
{
	archiveVersion = 1;
	classes = {
	};
	objectVersion = 56;
	objects = {

/* Begin PBXBuildFile section */
		B02A6EAB2C648EEE00993F15 /* AppDelegate.swift in Sources */ = {isa = PBXBuildFile; fileRef = B02A6EAA2C648EEE00993F15 /* AppDelegate.swift */; };
		B02A6EAD2C648EEE00993F15 /* SceneDelegate.swift in Sources */ = {isa = PBXBuildFile; fileRef = B02A6EAC2C648EEE00993F15 /* SceneDelegate.swift */; };
		B02A6EAF2C648EEE00993F15 /* ViewController.swift in Sources */ = {isa = PBXBuildFile; fileRef = B02A6EAE2C648EEE00993F15 /* ViewController.swift */; };
		B02A6EB22C648EEE00993F15 /* Main.storyboard in Resources */ = {isa = PBXBuildFile; fileRef = B02A6EB02C648EEE00993F15 /* Main.storyboard */; };
		B02A6EB42C648EEF00993F15 /* Assets.xcassets in Resources */ = {isa = PBXBuildFile; fileRef = B02A6EB32C648EEF00993F15 /* Assets.xcassets */; };
		B02A6EB72C648EEF00993F15 /* LaunchScreen.storyboard in Resources */ = {isa = PBXBuildFile; fileRef = B02A6EB52C648EEF00993F15 /* LaunchScreen.storyboard */; };
		B02A6EC22C64919800993F15 /* Movie.swift in Sources */ = {isa = PBXBuildFile; fileRef = B02A6EC12C64919800993F15 /* Movie.swift */; };
		B02A6EC42C6491E100993F15 /* DataManager.swift in Sources */ = {isa = PBXBuildFile; fileRef = B02A6EC32C6491E100993F15 /* DataManager.swift */; };
		B02A6EC62C649F8400993F15 /* MyTableViewCell.swift in Sources */ = {isa = PBXBuildFile; fileRef = B02A6EC52C649F8300993F15 /* MyTableViewCell.swift */; };
		B02A6EC82C64AA9900993F15 /* DetailViewController.swift in Sources */ = {isa = PBXBuildFile; fileRef = B02A6EC72C64AA9900993F15 /* DetailViewController.swift */; };
		B02A6ECA2C64AAE300993F15 /* DetailView.swift in Sources */ = {isa = PBXBuildFile; fileRef = B02A6EC92C64AAE300993F15 /* DetailView.swift */; };
/* End PBXBuildFile section */

/* Begin PBXFileReference section */
		B02A6EA72C648EEE00993F15 /* TableViewCode.app */ = {isa = PBXFileReference; explicitFileType = wrapper.application; includeInIndex = 0; path = TableViewCode.app; sourceTree = BUILT_PRODUCTS_DIR; };
		B02A6EAA2C648EEE00993F15 /* AppDelegate.swift */ = {isa = PBXFileReference; lastKnownFileType = sourcecode.swift; path = AppDelegate.swift; sourceTree = "<group>"; };
		B02A6EAC2C648EEE00993F15 /* SceneDelegate.swift */ = {isa = PBXFileReference; lastKnownFileType = sourcecode.swift; path = SceneDelegate.swift; sourceTree = "<group>"; };
		B02A6EAE2C648EEE00993F15 /* ViewController.swift */ = {isa = PBXFileReference; lastKnownFileType = sourcecode.swift; path = ViewController.swift; sourceTree = "<group>"; };
		B02A6EB12C648EEE00993F15 /* Base */ = {isa = PBXFileReference; lastKnownFileType = file.storyboard; name = Base; path = Base.lproj/Main.storyboard; sourceTree = "<group>"; };
		B02A6EB32C648EEF00993F15 /* Assets.xcassets */ = {isa = PBXFileReference; lastKnownFileType = folder.assetcatalog; path = Assets.xcassets; sourceTree = "<group>"; };
		B02A6EB62C648EEF00993F15 /* Base */ = {isa = PBXFileReference; lastKnownFileType = file.storyboard; name = Base; path = Base.lproj/LaunchScreen.storyboard; sourceTree = "<group>"; };
		B02A6EB82C648EEF00993F15 /* Info.plist */ = {isa = PBXFileReference; lastKnownFileType = text.plist.xml; path = Info.plist; sourceTree = "<group>"; };
		B02A6EC12C64919800993F15 /* Movie.swift */ = {isa = PBXFileReference; lastKnownFileType = sourcecode.swift; path = Movie.swift; sourceTree = "<group>"; };
		B02A6EC32C6491E100993F15 /* DataManager.swift */ = {isa = PBXFileReference; lastKnownFileType = sourcecode.swift; path = DataManager.swift; sourceTree = "<group>"; };
		B02A6EC52C649F8300993F15 /* MyTableViewCell.swift */ = {isa = PBXFileReference; lastKnownFileType = sourcecode.swift; path = MyTableViewCell.swift; sourceTree = "<group>"; };
		B02A6EC72C64AA9900993F15 /* DetailViewController.swift */ = {isa = PBXFileReference; lastKnownFileType = sourcecode.swift; path = DetailViewController.swift; sourceTree = "<group>"; };
		B02A6EC92C64AAE300993F15 /* DetailView.swift */ = {isa = PBXFileReference; lastKnownFileType = sourcecode.swift; path = DetailView.swift; sourceTree = "<group>"; };
/* End PBXFileReference section */

/* Begin PBXFrameworksBuildPhase section */
		B02A6EA42C648EEE00993F15 /* Frameworks */ = {
			isa = PBXFrameworksBuildPhase;
			buildActionMask = 2147483647;
			files = (
			);
			runOnlyForDeploymentPostprocessing = 0;
		};
/* End PBXFrameworksBuildPhase section */

/* Begin PBXGroup section */
		B02A6E9E2C648EEE00993F15 = {
			isa = PBXGroup;
			children = (
				B02A6EA92C648EEE00993F15 /* TableViewCode */,
				B02A6EA82C648EEE00993F15 /* Products */,
			);
			sourceTree = "<group>";
		};
		B02A6EA82C648EEE00993F15 /* Products */ = {
			isa = PBXGroup;
			children = (
				B02A6EA72C648EEE00993F15 /* TableViewCode.app */,
			);
			name = Products;
			sourceTree = "<group>";
		};
		B02A6EA92C648EEE00993F15 /* TableViewCode */ = {
			isa = PBXGroup;
			children = (
				B02A6EAA2C648EEE00993F15 /* AppDelegate.swift */,
				B02A6EAC2C648EEE00993F15 /* SceneDelegate.swift */,
				B02A6EBE2C648F8500993F15 /* Views */,
				B02A6EBF2C648F9200993F15 /* Models */,
				B02A6EC02C648F9800993F15 /* Controllers */,
				B02A6EB02C648EEE00993F15 /* Main.storyboard */,
				B02A6EB32C648EEF00993F15 /* Assets.xcassets */,
				B02A6EB52C648EEF00993F15 /* LaunchScreen.storyboard */,
				B02A6EB82C648EEF00993F15 /* Info.plist */,
			);
			path = TableViewCode;
			sourceTree = "<group>";
		};
		B02A6EBE2C648F8500993F15 /* Views */ = {
			isa = PBXGroup;
			children = (
				B02A6EC52C649F8300993F15 /* MyTableViewCell.swift */,
				B02A6EC92C64AAE300993F15 /* DetailView.swift */,
			);
			path = Views;
			sourceTree = "<group>";
		};
		B02A6EBF2C648F9200993F15 /* Models */ = {
			isa = PBXGroup;
			children = (
				B02A6EC12C64919800993F15 /* Movie.swift */,
				B02A6EC32C6491E100993F15 /* DataManager.swift */,
			);
			path = Models;
			sourceTree = "<group>";
		};
		B02A6EC02C648F9800993F15 /* Controllers */ = {
			isa = PBXGroup;
			children = (
				B02A6EAE2C648EEE00993F15 /* ViewController.swift */,
				B02A6EC72C64AA9900993F15 /* DetailViewController.swift */,
			);
			path = Controllers;
			sourceTree = "<group>";
		};
/* End PBXGroup section */

/* Begin PBXNativeTarget section */
		B02A6EA62C648EEE00993F15 /* TableViewCode */ = {
			isa = PBXNativeTarget;
			buildConfigurationList = B02A6EBB2C648EEF00993F15 /* Build configuration list for PBXNativeTarget "TableViewCode" */;
			buildPhases = (
				B02A6EA32C648EEE00993F15 /* Sources */,
				B02A6EA42C648EEE00993F15 /* Frameworks */,
				B02A6EA52C648EEE00993F15 /* Resources */,
			);
			buildRules = (
			);
			dependencies = (
			);
			name = TableViewCode;
			productName = TableViewCode;
			productReference = B02A6EA72C648EEE00993F15 /* TableViewCode.app */;
			productType = "com.apple.product-type.application";
		};
/* End PBXNativeTarget section */

/* Begin PBXProject section */
		B02A6E9F2C648EEE00993F15 /* Project object */ = {
			isa = PBXProject;
			attributes = {
				BuildIndependentTargetsInParallel = 1;
				LastSwiftUpdateCheck = 1500;
				LastUpgradeCheck = 1500;
				TargetAttributes = {
					B02A6EA62C648EEE00993F15 = {
						CreatedOnToolsVersion = 15.0;
					};
				};
			};
			buildConfigurationList = B02A6EA22C648EEE00993F15 /* Build configuration list for PBXProject "TableViewCode" */;
			compatibilityVersion = "Xcode 14.0";
			developmentRegion = en;
			hasScannedForEncodings = 0;
			knownRegions = (
				en,
				Base,
			);
			mainGroup = B02A6E9E2C648EEE00993F15;
			productRefGroup = B02A6EA82C648EEE00993F15 /* Products */;
			projectDirPath = "";
			projectRoot = "";
			targets = (
				B02A6EA62C648EEE00993F15 /* TableViewCode */,
			);
		};
/* End PBXProject section */

/* Begin PBXResourcesBuildPhase section */
		B02A6EA52C648EEE00993F15 /* Resources */ = {
			isa = PBXResourcesBuildPhase;
			buildActionMask = 2147483647;
			files = (
				B02A6EB72C648EEF00993F15 /* LaunchScreen.storyboard in Resources */,
				B02A6EB42C648EEF00993F15 /* Assets.xcassets in Resources */,
				B02A6EB22C648EEE00993F15 /* Main.storyboard in Resources */,
			);
			runOnlyForDeploymentPostprocessing = 0;
		};
/* End PBXResourcesBuildPhase section */

/* Begin PBXSourcesBuildPhase section */
		B02A6EA32C648EEE00993F15 /* Sources */ = {
			isa = PBXSourcesBuildPhase;
			buildActionMask = 2147483647;
			files = (
				B02A6EC42C6491E100993F15 /* DataManager.swift in Sources */,
				B02A6ECA2C64AAE300993F15 /* DetailView.swift in Sources */,
				B02A6EAF2C648EEE00993F15 /* ViewController.swift in Sources */,
				B02A6EAB2C648EEE00993F15 /* AppDelegate.swift in Sources */,
				B02A6EC22C64919800993F15 /* Movie.swift in Sources */,
				B02A6EAD2C648EEE00993F15 /* SceneDelegate.swift in Sources */,
				B02A6EC62C649F8400993F15 /* MyTableViewCell.swift in Sources */,
				B02A6EC82C64AA9900993F15 /* DetailViewController.swift in Sources */,
			);
			runOnlyForDeploymentPostprocessing = 0;
		};
/* End PBXSourcesBuildPhase section */

/* Begin PBXVariantGroup section */
		B02A6EB02C648EEE00993F15 /* Main.storyboard */ = {
			isa = PBXVariantGroup;
			children = (
				B02A6EB12C648EEE00993F15 /* Base */,
			);
			name = Main.storyboard;
			sourceTree = "<group>";
		};
		B02A6EB52C648EEF00993F15 /* LaunchScreen.storyboard */ = {
			isa = PBXVariantGroup;
			children = (
				B02A6EB62C648EEF00993F15 /* Base */,
			);
			name = LaunchScreen.storyboard;
			sourceTree = "<group>";
		};
/* End PBXVariantGroup section */

/* Begin XCBuildConfiguration section */
		B02A6EB92C648EEF00993F15 /* Debug */ = {
			isa = XCBuildConfiguration;
			buildSettings = {
				ALWAYS_SEARCH_USER_PATHS = NO;
				ASSETCATALOG_COMPILER_GENERATE_SWIFT_ASSET_SYMBOL_EXTENSIONS = YES;
				CLANG_ANALYZER_NONNULL = YES;
				CLANG_ANALYZER_NUMBER_OBJECT_CONVERSION = YES_AGGRESSIVE;
				CLANG_CXX_LANGUAGE_STANDARD = "gnu++20";
				CLANG_ENABLE_MODULES = YES;
				CLANG_ENABLE_OBJC_ARC = YES;
				CLANG_ENABLE_OBJC_WEAK = YES;
				CLANG_WARN_BLOCK_CAPTURE_AUTORELEASING = YES;
				CLANG_WARN_BOOL_CONVERSION = YES;
				CLANG_WARN_COMMA = YES;
				CLANG_WARN_CONSTANT_CONVERSION = YES;
				CLANG_WARN_DEPRECATED_OBJC_IMPLEMENTATIONS = YES;
				CLANG_WARN_DIRECT_OBJC_ISA_USAGE = YES_ERROR;
				CLANG_WARN_DOCUMENTATION_COMMENTS = YES;
				CLANG_WARN_EMPTY_BODY = YES;
				CLANG_WARN_ENUM_CONVERSION = YES;
				CLANG_WARN_INFINITE_RECURSION = YES;
				CLANG_WARN_INT_CONVERSION = YES;
				CLANG_WARN_NON_LITERAL_NULL_CONVERSION = YES;
				CLANG_WARN_OBJC_IMPLICIT_RETAIN_SELF = YES;
				CLANG_WARN_OBJC_LITERAL_CONVERSION = YES;
				CLANG_WARN_OBJC_ROOT_CLASS = YES_ERROR;
				CLANG_WARN_QUOTED_INCLUDE_IN_FRAMEWORK_HEADER = YES;
				CLANG_WARN_RANGE_LOOP_ANALYSIS = YES;
				CLANG_WARN_STRICT_PROTOTYPES = YES;
				CLANG_WARN_SUSPICIOUS_MOVE = YES;
				CLANG_WARN_UNGUARDED_AVAILABILITY = YES_AGGRESSIVE;
				CLANG_WARN_UNREACHABLE_CODE = YES;
				CLANG_WARN__DUPLICATE_METHOD_MATCH = YES;
				COPY_PHASE_STRIP = NO;
				DEBUG_INFORMATION_FORMAT = dwarf;
				ENABLE_STRICT_OBJC_MSGSEND = YES;
				ENABLE_TESTABILITY = YES;
				ENABLE_USER_SCRIPT_SANDBOXING = YES;
				GCC_C_LANGUAGE_STANDARD = gnu17;
				GCC_DYNAMIC_NO_PIC = NO;
				GCC_NO_COMMON_BLOCKS = YES;
				GCC_OPTIMIZATION_LEVEL = 0;
				GCC_PREPROCESSOR_DEFINITIONS = (
					"DEBUG=1",
					"$(inherited)",
				);
				GCC_WARN_64_TO_32_BIT_CONVERSION = YES;
				GCC_WARN_ABOUT_RETURN_TYPE = YES_ERROR;
				GCC_WARN_UNDECLARED_SELECTOR = YES;
				GCC_WARN_UNINITIALIZED_AUTOS = YES_AGGRESSIVE;
				GCC_WARN_UNUSED_FUNCTION = YES;
				GCC_WARN_UNUSED_VARIABLE = YES;
				IPHONEOS_DEPLOYMENT_TARGET = 17.0;
				LOCALIZATION_PREFERS_STRING_CATALOGS = YES;
				MTL_ENABLE_DEBUG_INFO = INCLUDE_SOURCE;
				MTL_FAST_MATH = YES;
				ONLY_ACTIVE_ARCH = YES;
				SDKROOT = iphoneos;
				SWIFT_ACTIVE_COMPILATION_CONDITIONS = "DEBUG $(inherited)";
				SWIFT_OPTIMIZATION_LEVEL = "-Onone";
			};
			name = Debug;
		};
		B02A6EBA2C648EEF00993F15 /* Release */ = {
			isa = XCBuildConfiguration;
			buildSettings = {
				ALWAYS_SEARCH_USER_PATHS = NO;
				ASSETCATALOG_COMPILER_GENERATE_SWIFT_ASSET_SYMBOL_EXTENSIONS = YES;
				CLANG_ANALYZER_NONNULL = YES;
				CLANG_ANALYZER_NUMBER_OBJECT_CONVERSION = YES_AGGRESSIVE;
				CLANG_CXX_LANGUAGE_STANDARD = "gnu++20";
				CLANG_ENABLE_MODULES = YES;
				CLANG_ENABLE_OBJC_ARC = YES;
				CLANG_ENABLE_OBJC_WEAK = YES;
				CLANG_WARN_BLOCK_CAPTURE_AUTORELEASING = YES;
				CLANG_WARN_BOOL_CONVERSION = YES;
				CLANG_WARN_COMMA = YES;
				CLANG_WARN_CONSTANT_CONVERSION = YES;
				CLANG_WARN_DEPRECATED_OBJC_IMPLEMENTATIONS = YES;
				CLANG_WARN_DIRECT_OBJC_ISA_USAGE = YES_ERROR;
				CLANG_WARN_DOCUMENTATION_COMMENTS = YES;
				CLANG_WARN_EMPTY_BODY = YES;
				CLANG_WARN_ENUM_CONVERSION = YES;
				CLANG_WARN_INFINITE_RECURSION = YES;
				CLANG_WARN_INT_CONVERSION = YES;
				CLANG_WARN_NON_LITERAL_NULL_CONVERSION = YES;
				CLANG_WARN_OBJC_IMPLICIT_RETAIN_SELF = YES;
				CLANG_WARN_OBJC_LITERAL_CONVERSION = YES;
				CLANG_WARN_OBJC_ROOT_CLASS = YES_ERROR;
				CLANG_WARN_QUOTED_INCLUDE_IN_FRAMEWORK_HEADER = YES;
				CLANG_WARN_RANGE_LOOP_ANALYSIS = YES;
				CLANG_WARN_STRICT_PROTOTYPES = YES;
				CLANG_WARN_SUSPICIOUS_MOVE = YES;
				CLANG_WARN_UNGUARDED_AVAILABILITY = YES_AGGRESSIVE;
				CLANG_WARN_UNREACHABLE_CODE = YES;
				CLANG_WARN__DUPLICATE_METHOD_MATCH = YES;
				COPY_PHASE_STRIP = NO;
				DEBUG_INFORMATION_FORMAT = "dwarf-with-dsym";
				ENABLE_NS_ASSERTIONS = NO;
				ENABLE_STRICT_OBJC_MSGSEND = YES;
				ENABLE_USER_SCRIPT_SANDBOXING = YES;
				GCC_C_LANGUAGE_STANDARD = gnu17;
				GCC_NO_COMMON_BLOCKS = YES;
				GCC_WARN_64_TO_32_BIT_CONVERSION = YES;
				GCC_WARN_ABOUT_RETURN_TYPE = YES_ERROR;
				GCC_WARN_UNDECLARED_SELECTOR = YES;
				GCC_WARN_UNINITIALIZED_AUTOS = YES_AGGRESSIVE;
				GCC_WARN_UNUSED_FUNCTION = YES;
				GCC_WARN_UNUSED_VARIABLE = YES;
				IPHONEOS_DEPLOYMENT_TARGET = 17.0;
				LOCALIZATION_PREFERS_STRING_CATALOGS = YES;
				MTL_ENABLE_DEBUG_INFO = NO;
				MTL_FAST_MATH = YES;
				SDKROOT = iphoneos;
				SWIFT_COMPILATION_MODE = wholemodule;
				VALIDATE_PRODUCT = YES;
			};
			name = Release;
		};
		B02A6EBC2C648EEF00993F15 /* Debug */ = {
			isa = XCBuildConfiguration;
			buildSettings = {
				ASSETCATALOG_COMPILER_APPICON_NAME = AppIcon;
				ASSETCATALOG_COMPILER_GLOBAL_ACCENT_COLOR_NAME = AccentColor;
				CODE_SIGN_STYLE = Automatic;
				CURRENT_PROJECT_VERSION = 1;
				DEVELOPMENT_TEAM = 7Y6TYDQ939;
				GENERATE_INFOPLIST_FILE = YES;
				INFOPLIST_FILE = TableViewCode/Info.plist;
				INFOPLIST_KEY_UIApplicationSupportsIndirectInputEvents = YES;
				INFOPLIST_KEY_UILaunchStoryboardName = LaunchScreen;
				INFOPLIST_KEY_UIMainStoryboardFile = Main;
				INFOPLIST_KEY_UISupportedInterfaceOrientations = UIInterfaceOrientationPortrait;
				INFOPLIST_KEY_UISupportedInterfaceOrientations_iPad = "UIInterfaceOrientationLandscapeLeft UIInterfaceOrientationLandscapeRight UIInterfaceOrientationPortrait UIInterfaceOrientationPortraitUpsideDown";
				IPHONEOS_DEPLOYMENT_TARGET = 13.0;
				LD_RUNPATH_SEARCH_PATHS = (
					"$(inherited)",
					"@executable_path/Frameworks",
				);
				MARKETING_VERSION = 1.0;
				PRODUCT_BUNDLE_IDENTIFIER = com.ddudios.TableViewCode;
				PRODUCT_NAME = "$(TARGET_NAME)";
				SUPPORTED_PLATFORMS = "iphoneos iphonesimulator";
				SUPPORTS_MACCATALYST = NO;
				SUPPORTS_MAC_DESIGNED_FOR_IPHONE_IPAD = NO;
				SWIFT_EMIT_LOC_STRINGS = YES;
				SWIFT_VERSION = 5.0;
				TARGETED_DEVICE_FAMILY = 1;
			};
			name = Debug;
		};
		B02A6EBD2C648EEF00993F15 /* Release */ = {
			isa = XCBuildConfiguration;
			buildSettings = {
				ASSETCATALOG_COMPILER_APPICON_NAME = AppIcon;
				ASSETCATALOG_COMPILER_GLOBAL_ACCENT_COLOR_NAME = AccentColor;
				CODE_SIGN_STYLE = Automatic;
				CURRENT_PROJECT_VERSION = 1;
				DEVELOPMENT_TEAM = 7Y6TYDQ939;
				GENERATE_INFOPLIST_FILE = YES;
				INFOPLIST_FILE = TableViewCode/Info.plist;
				INFOPLIST_KEY_UIApplicationSupportsIndirectInputEvents = YES;
				INFOPLIST_KEY_UILaunchStoryboardName = LaunchScreen;
				INFOPLIST_KEY_UIMainStoryboardFile = Main;
				INFOPLIST_KEY_UISupportedInterfaceOrientations = UIInterfaceOrientationPortrait;
				INFOPLIST_KEY_UISupportedInterfaceOrientations_iPad = "UIInterfaceOrientationLandscapeLeft UIInterfaceOrientationLandscapeRight UIInterfaceOrientationPortrait UIInterfaceOrientationPortraitUpsideDown";
				IPHONEOS_DEPLOYMENT_TARGET = 13.0;
				LD_RUNPATH_SEARCH_PATHS = (
					"$(inherited)",
					"@executable_path/Frameworks",
				);
				MARKETING_VERSION = 1.0;
				PRODUCT_BUNDLE_IDENTIFIER = com.ddudios.TableViewCode;
				PRODUCT_NAME = "$(TARGET_NAME)";
				SUPPORTED_PLATFORMS = "iphoneos iphonesimulator";
				SUPPORTS_MACCATALYST = NO;
				SUPPORTS_MAC_DESIGNED_FOR_IPHONE_IPAD = NO;
				SWIFT_EMIT_LOC_STRINGS = YES;
				SWIFT_VERSION = 5.0;
				TARGETED_DEVICE_FAMILY = 1;
			};
			name = Release;
		};
/* End XCBuildConfiguration section */

/* Begin XCConfigurationList section */
		B02A6EA22C648EEE00993F15 /* Build configuration list for PBXProject "TableViewCode" */ = {
			isa = XCConfigurationList;
			buildConfigurations = (
				B02A6EB92C648EEF00993F15 /* Debug */,
				B02A6EBA2C648EEF00993F15 /* Release */,
			);
			defaultConfigurationIsVisible = 0;
			defaultConfigurationName = Release;
		};
		B02A6EBB2C648EEF00993F15 /* Build configuration list for PBXNativeTarget "TableViewCode" */ = {
			isa = XCConfigurationList;
			buildConfigurations = (
				B02A6EBC2C648EEF00993F15 /* Debug */,
				B02A6EBD2C648EEF00993F15 /* Release */,
			);
			defaultConfigurationIsVisible = 0;
			defaultConfigurationName = Release;
		};
/* End XCConfigurationList section */
	};
	rootObject = B02A6E9F2C648EEE00993F15 /* Project object */;
}
