// !$*UTF8*$!
{
	archiveVersion = 1;
	classes = {
	};
	objectVersion = 56;
	objects = {

/* Begin PBXBuildFile section */
		B00211012C779FCE0096B6FC /* AppDelegate.swift in Sources */ = {isa = PBXBuildFile; fileRef = B00211002C779FCE0096B6FC /* AppDelegate.swift */; };
		B00211032C779FCE0096B6FC /* SceneDelegate.swift in Sources */ = {isa = PBXBuildFile; fileRef = B00211022C779FCE0096B6FC /* SceneDelegate.swift */; };
		B00211052C779FCE0096B6FC /* ViewController.swift in Sources */ = {isa = PBXBuildFile; fileRef = B00211042C779FCE0096B6FC /* ViewController.swift */; };
		B00211082C779FCE0096B6FC /* Main.storyboard in Resources */ = {isa = PBXBuildFile; fileRef = B00211062C779FCE0096B6FC /* Main.storyboard */; };
		B002110A2C779FD20096B6FC /* Assets.xcassets in Resources */ = {isa = PBXBuildFile; fileRef = B00211092C779FD20096B6FC /* Assets.xcassets */; };
		B002110D2C779FD20096B6FC /* LaunchScreen.storyboard in Resources */ = {isa = PBXBuildFile; fileRef = B002110B2C779FD20096B6FC /* LaunchScreen.storyboard */; };
		B00211182C77A6540096B6FC /* Music.swift in Sources */ = {isa = PBXBuildFile; fileRef = B00211172C77A6540096B6FC /* Music.swift */; };
		B065B3082C77CE4800718A52 /* DetailViewController.swift in Sources */ = {isa = PBXBuildFile; fileRef = B065B3072C77CE4800718A52 /* DetailViewController.swift */; };
		B0767DEC2C79CFCA00958793 /* MusicViewModel.swift in Sources */ = {isa = PBXBuildFile; fileRef = B0767DEB2C79CFCA00958793 /* MusicViewModel.swift */; };
		B0767DF12C7B420500958793 /* DetailViewModel.swift in Sources */ = {isa = PBXBuildFile; fileRef = B0767DF02C7B420500958793 /* DetailViewModel.swift */; };
		B08822A12C80C90A006B4697 /* Observable.swift in Sources */ = {isa = PBXBuildFile; fileRef = B08822A02C80C90A006B4697 /* Observable.swift */; };
		B0CE5E9E2C80BB6C00D82C21 /* APIService.swift in Sources */ = {isa = PBXBuildFile; fileRef = B0CE5E9D2C80BB6C00D82C21 /* APIService.swift */; };
/* End PBXBuildFile section */

/* Begin PBXFileReference section */
		B00210FD2C779FCE0096B6FC /* BasicMusic.app */ = {isa = PBXFileReference; explicitFileType = wrapper.application; includeInIndex = 0; path = BasicMusic.app; sourceTree = BUILT_PRODUCTS_DIR; };
		B00211002C779FCE0096B6FC /* AppDelegate.swift */ = {isa = PBXFileReference; lastKnownFileType = sourcecode.swift; path = AppDelegate.swift; sourceTree = "<group>"; };
		B00211022C779FCE0096B6FC /* SceneDelegate.swift */ = {isa = PBXFileReference; lastKnownFileType = sourcecode.swift; path = SceneDelegate.swift; sourceTree = "<group>"; };
		B00211042C779FCE0096B6FC /* ViewController.swift */ = {isa = PBXFileReference; lastKnownFileType = sourcecode.swift; path = ViewController.swift; sourceTree = "<group>"; };
		B00211072C779FCE0096B6FC /* Base */ = {isa = PBXFileReference; lastKnownFileType = file.storyboard; name = Base; path = Base.lproj/Main.storyboard; sourceTree = "<group>"; };
		B00211092C779FD20096B6FC /* Assets.xcassets */ = {isa = PBXFileReference; lastKnownFileType = folder.assetcatalog; path = Assets.xcassets; sourceTree = "<group>"; };
		B002110C2C779FD20096B6FC /* Base */ = {isa = PBXFileReference; lastKnownFileType = file.storyboard; name = Base; path = Base.lproj/LaunchScreen.storyboard; sourceTree = "<group>"; };
		B002110E2C779FD20096B6FC /* Info.plist */ = {isa = PBXFileReference; lastKnownFileType = text.plist.xml; path = Info.plist; sourceTree = "<group>"; };
		B00211172C77A6540096B6FC /* Music.swift */ = {isa = PBXFileReference; lastKnownFileType = sourcecode.swift; path = Music.swift; sourceTree = "<group>"; };
		B065B3072C77CE4800718A52 /* DetailViewController.swift */ = {isa = PBXFileReference; lastKnownFileType = sourcecode.swift; path = DetailViewController.swift; sourceTree = "<group>"; };
		B0767DEB2C79CFCA00958793 /* MusicViewModel.swift */ = {isa = PBXFileReference; lastKnownFileType = sourcecode.swift; path = MusicViewModel.swift; sourceTree = "<group>"; };
		B0767DF02C7B420500958793 /* DetailViewModel.swift */ = {isa = PBXFileReference; lastKnownFileType = sourcecode.swift; path = DetailViewModel.swift; sourceTree = "<group>"; };
		B08822A02C80C90A006B4697 /* Observable.swift */ = {isa = PBXFileReference; lastKnownFileType = sourcecode.swift; path = Observable.swift; sourceTree = "<group>"; };
		B0CE5E9D2C80BB6C00D82C21 /* APIService.swift */ = {isa = PBXFileReference; lastKnownFileType = sourcecode.swift; path = APIService.swift; sourceTree = "<group>"; };
/* End PBXFileReference section */

/* Begin PBXFrameworksBuildPhase section */
		B00210FA2C779FCE0096B6FC /* Frameworks */ = {
			isa = PBXFrameworksBuildPhase;
			buildActionMask = 2147483647;
			files = (
			);
			runOnlyForDeploymentPostprocessing = 0;
		};
/* End PBXFrameworksBuildPhase section */

/* Begin PBXGroup section */
		B00210F42C779FCE0096B6FC = {
			isa = PBXGroup;
			children = (
				B00210FF2C779FCE0096B6FC /* BasicMusic */,
				B00210FE2C779FCE0096B6FC /* Products */,
			);
			sourceTree = "<group>";
		};
		B00210FE2C779FCE0096B6FC /* Products */ = {
			isa = PBXGroup;
			children = (
				B00210FD2C779FCE0096B6FC /* BasicMusic.app */,
			);
			name = Products;
			sourceTree = "<group>";
		};
		B00210FF2C779FCE0096B6FC /* BasicMusic */ = {
			isa = PBXGroup;
			children = (
				B00211002C779FCE0096B6FC /* AppDelegate.swift */,
				B00211022C779FCE0096B6FC /* SceneDelegate.swift */,
				B088229F2C80C8EC006B4697 /* Utils */,
				B0CE5E9C2C80BB5400D82C21 /* APIService */,
				B00211162C77A0070096B6FC /* Models */,
				B00211152C77A0000096B6FC /* Views */,
				B0767DED2C79CFCD00958793 /* ViewModels */,
				B00211092C779FD20096B6FC /* Assets.xcassets */,
				B002110B2C779FD20096B6FC /* LaunchScreen.storyboard */,
				B002110E2C779FD20096B6FC /* Info.plist */,
			);
			path = BasicMusic;
			sourceTree = "<group>";
		};
		B00211152C77A0000096B6FC /* Views */ = {
			isa = PBXGroup;
			children = (
				B00211062C779FCE0096B6FC /* Main.storyboard */,
				B00211042C779FCE0096B6FC /* ViewController.swift */,
				B065B3072C77CE4800718A52 /* DetailViewController.swift */,
			);
			path = Views;
			sourceTree = "<group>";
		};
		B00211162C77A0070096B6FC /* Models */ = {
			isa = PBXGroup;
			children = (
				B00211172C77A6540096B6FC /* Music.swift */,
			);
			path = Models;
			sourceTree = "<group>";
		};
		B0767DED2C79CFCD00958793 /* ViewModels */ = {
			isa = PBXGroup;
			children = (
				B0767DEB2C79CFCA00958793 /* MusicViewModel.swift */,
				B0767DF02C7B420500958793 /* DetailViewModel.swift */,
			);
			path = ViewModels;
			sourceTree = "<group>";
		};
		B088229F2C80C8EC006B4697 /* Utils */ = {
			isa = PBXGroup;
			children = (
				B08822A02C80C90A006B4697 /* Observable.swift */,
			);
			path = Utils;
			sourceTree = "<group>";
		};
		B0CE5E9C2C80BB5400D82C21 /* APIService */ = {
			isa = PBXGroup;
			children = (
				B0CE5E9D2C80BB6C00D82C21 /* APIService.swift */,
			);
			path = APIService;
			sourceTree = "<group>";
		};
/* End PBXGroup section */

/* Begin PBXNativeTarget section */
		B00210FC2C779FCE0096B6FC /* BasicMusic */ = {
			isa = PBXNativeTarget;
			buildConfigurationList = B00211112C779FD20096B6FC /* Build configuration list for PBXNativeTarget "BasicMusic" */;
			buildPhases = (
				B00210F92C779FCE0096B6FC /* Sources */,
				B00210FA2C779FCE0096B6FC /* Frameworks */,
				B00210FB2C779FCE0096B6FC /* Resources */,
			);
			buildRules = (
			);
			dependencies = (
			);
			name = BasicMusic;
			productName = BasicMusic;
			productReference = B00210FD2C779FCE0096B6FC /* BasicMusic.app */;
			productType = "com.apple.product-type.application";
		};
/* End PBXNativeTarget section */

/* Begin PBXProject section */
		B00210F52C779FCE0096B6FC /* Project object */ = {
			isa = PBXProject;
			attributes = {
				BuildIndependentTargetsInParallel = 1;
				LastSwiftUpdateCheck = 1500;
				LastUpgradeCheck = 1500;
				TargetAttributes = {
					B00210FC2C779FCE0096B6FC = {
						CreatedOnToolsVersion = 15.0;
					};
				};
			};
			buildConfigurationList = B00210F82C779FCE0096B6FC /* Build configuration list for PBXProject "BasicMusic" */;
			compatibilityVersion = "Xcode 14.0";
			developmentRegion = en;
			hasScannedForEncodings = 0;
			knownRegions = (
				en,
				Base,
			);
			mainGroup = B00210F42C779FCE0096B6FC;
			productRefGroup = B00210FE2C779FCE0096B6FC /* Products */;
			projectDirPath = "";
			projectRoot = "";
			targets = (
				B00210FC2C779FCE0096B6FC /* BasicMusic */,
			);
		};
/* End PBXProject section */

/* Begin PBXResourcesBuildPhase section */
		B00210FB2C779FCE0096B6FC /* Resources */ = {
			isa = PBXResourcesBuildPhase;
			buildActionMask = 2147483647;
			files = (
				B002110D2C779FD20096B6FC /* LaunchScreen.storyboard in Resources */,
				B002110A2C779FD20096B6FC /* Assets.xcassets in Resources */,
				B00211082C779FCE0096B6FC /* Main.storyboard in Resources */,
			);
			runOnlyForDeploymentPostprocessing = 0;
		};
/* End PBXResourcesBuildPhase section */

/* Begin PBXSourcesBuildPhase section */
		B00210F92C779FCE0096B6FC /* Sources */ = {
			isa = PBXSourcesBuildPhase;
			buildActionMask = 2147483647;
			files = (
				B0767DEC2C79CFCA00958793 /* MusicViewModel.swift in Sources */,
				B00211052C779FCE0096B6FC /* ViewController.swift in Sources */,
				B0767DF12C7B420500958793 /* DetailViewModel.swift in Sources */,
				B00211012C779FCE0096B6FC /* AppDelegate.swift in Sources */,
				B08822A12C80C90A006B4697 /* Observable.swift in Sources */,
				B065B3082C77CE4800718A52 /* DetailViewController.swift in Sources */,
				B00211032C779FCE0096B6FC /* SceneDelegate.swift in Sources */,
				B0CE5E9E2C80BB6C00D82C21 /* APIService.swift in Sources */,
				B00211182C77A6540096B6FC /* Music.swift in Sources */,
			);
			runOnlyForDeploymentPostprocessing = 0;
		};
/* End PBXSourcesBuildPhase section */

/* Begin PBXVariantGroup section */
		B00211062C779FCE0096B6FC /* Main.storyboard */ = {
			isa = PBXVariantGroup;
			children = (
				B00211072C779FCE0096B6FC /* Base */,
			);
			name = Main.storyboard;
			sourceTree = "<group>";
		};
		B002110B2C779FD20096B6FC /* LaunchScreen.storyboard */ = {
			isa = PBXVariantGroup;
			children = (
				B002110C2C779FD20096B6FC /* Base */,
			);
			name = LaunchScreen.storyboard;
			sourceTree = "<group>";
		};
/* End PBXVariantGroup section */

/* Begin XCBuildConfiguration section */
		B002110F2C779FD20096B6FC /* Debug */ = {
			isa = XCBuildConfiguration;
			buildSettings = {
				ALWAYS_SEARCH_USER_PATHS = NO;
				ASSETCATALOG_COMPILER_GENERATE_SWIFT_ASSET_SYMBOL_EXTENSIONS = YES;
				CLANG_ANALYZER_NONNULL = YES;
				CLANG_ANALYZER_NUMBER_OBJECT_CONVERSION = YES_AGGRESSIVE;
				CLANG_CXX_LANGUAGE_STANDARD = "gnu++20";
				CLANG_ENABLE_MODULES = YES;
				CLANG_ENABLE_OBJC_ARC = YES;
				CLANG_ENABLE_OBJC_WEAK = YES;
				CLANG_WARN_BLOCK_CAPTURE_AUTORELEASING = YES;
				CLANG_WARN_BOOL_CONVERSION = YES;
				CLANG_WARN_COMMA = YES;
				CLANG_WARN_CONSTANT_CONVERSION = YES;
				CLANG_WARN_DEPRECATED_OBJC_IMPLEMENTATIONS = YES;
				CLANG_WARN_DIRECT_OBJC_ISA_USAGE = YES_ERROR;
				CLANG_WARN_DOCUMENTATION_COMMENTS = YES;
				CLANG_WARN_EMPTY_BODY = YES;
				CLANG_WARN_ENUM_CONVERSION = YES;
				CLANG_WARN_INFINITE_RECURSION = YES;
				CLANG_WARN_INT_CONVERSION = YES;
				CLANG_WARN_NON_LITERAL_NULL_CONVERSION = YES;
				CLANG_WARN_OBJC_IMPLICIT_RETAIN_SELF = YES;
				CLANG_WARN_OBJC_LITERAL_CONVERSION = YES;
				CLANG_WARN_OBJC_ROOT_CLASS = YES_ERROR;
				CLANG_WARN_QUOTED_INCLUDE_IN_FRAMEWORK_HEADER = YES;
				CLANG_WARN_RANGE_LOOP_ANALYSIS = YES;
				CLANG_WARN_STRICT_PROTOTYPES = YES;
				CLANG_WARN_SUSPICIOUS_MOVE = YES;
				CLANG_WARN_UNGUARDED_AVAILABILITY = YES_AGGRESSIVE;
				CLANG_WARN_UNREACHABLE_CODE = YES;
				CLANG_WARN__DUPLICATE_METHOD_MATCH = YES;
				COPY_PHASE_STRIP = NO;
				DEBUG_INFORMATION_FORMAT = dwarf;
				ENABLE_STRICT_OBJC_MSGSEND = YES;
				ENABLE_TESTABILITY = YES;
				ENABLE_USER_SCRIPT_SANDBOXING = YES;
				GCC_C_LANGUAGE_STANDARD = gnu17;
				GCC_DYNAMIC_NO_PIC = NO;
				GCC_NO_COMMON_BLOCKS = YES;
				GCC_OPTIMIZATION_LEVEL = 0;
				GCC_PREPROCESSOR_DEFINITIONS = (
					"DEBUG=1",
					"$(inherited)",
				);
				GCC_WARN_64_TO_32_BIT_CONVERSION = YES;
				GCC_WARN_ABOUT_RETURN_TYPE = YES_ERROR;
				GCC_WARN_UNDECLARED_SELECTOR = YES;
				GCC_WARN_UNINITIALIZED_AUTOS = YES_AGGRESSIVE;
				GCC_WARN_UNUSED_FUNCTION = YES;
				GCC_WARN_UNUSED_VARIABLE = YES;
				IPHONEOS_DEPLOYMENT_TARGET = 17.0;
				LOCALIZATION_PREFERS_STRING_CATALOGS = YES;
				MTL_ENABLE_DEBUG_INFO = INCLUDE_SOURCE;
				MTL_FAST_MATH = YES;
				ONLY_ACTIVE_ARCH = YES;
				SDKROOT = iphoneos;
				SWIFT_ACTIVE_COMPILATION_CONDITIONS = "DEBUG $(inherited)";
				SWIFT_OPTIMIZATION_LEVEL = "-Onone";
			};
			name = Debug;
		};
		B00211102C779FD20096B6FC /* Release */ = {
			isa = XCBuildConfiguration;
			buildSettings = {
				ALWAYS_SEARCH_USER_PATHS = NO;
				ASSETCATALOG_COMPILER_GENERATE_SWIFT_ASSET_SYMBOL_EXTENSIONS = YES;
				CLANG_ANALYZER_NONNULL = YES;
				CLANG_ANALYZER_NUMBER_OBJECT_CONVERSION = YES_AGGRESSIVE;
				CLANG_CXX_LANGUAGE_STANDARD = "gnu++20";
				CLANG_ENABLE_MODULES = YES;
				CLANG_ENABLE_OBJC_ARC = YES;
				CLANG_ENABLE_OBJC_WEAK = YES;
				CLANG_WARN_BLOCK_CAPTURE_AUTORELEASING = YES;
				CLANG_WARN_BOOL_CONVERSION = YES;
				CLANG_WARN_COMMA = YES;
				CLANG_WARN_CONSTANT_CONVERSION = YES;
				CLANG_WARN_DEPRECATED_OBJC_IMPLEMENTATIONS = YES;
				CLANG_WARN_DIRECT_OBJC_ISA_USAGE = YES_ERROR;
				CLANG_WARN_DOCUMENTATION_COMMENTS = YES;
				CLANG_WARN_EMPTY_BODY = YES;
				CLANG_WARN_ENUM_CONVERSION = YES;
				CLANG_WARN_INFINITE_RECURSION = YES;
				CLANG_WARN_INT_CONVERSION = YES;
				CLANG_WARN_NON_LITERAL_NULL_CONVERSION = YES;
				CLANG_WARN_OBJC_IMPLICIT_RETAIN_SELF = YES;
				CLANG_WARN_OBJC_LITERAL_CONVERSION = YES;
				CLANG_WARN_OBJC_ROOT_CLASS = YES_ERROR;
				CLANG_WARN_QUOTED_INCLUDE_IN_FRAMEWORK_HEADER = YES;
				CLANG_WARN_RANGE_LOOP_ANALYSIS = YES;
				CLANG_WARN_STRICT_PROTOTYPES = YES;
				CLANG_WARN_SUSPICIOUS_MOVE = YES;
				CLANG_WARN_UNGUARDED_AVAILABILITY = YES_AGGRESSIVE;
				CLANG_WARN_UNREACHABLE_CODE = YES;
				CLANG_WARN__DUPLICATE_METHOD_MATCH = YES;
				COPY_PHASE_STRIP = NO;
				DEBUG_INFORMATION_FORMAT = "dwarf-with-dsym";
				ENABLE_NS_ASSERTIONS = NO;
				ENABLE_STRICT_OBJC_MSGSEND = YES;
				ENABLE_USER_SCRIPT_SANDBOXING = YES;
				GCC_C_LANGUAGE_STANDARD = gnu17;
				GCC_NO_COMMON_BLOCKS = YES;
				GCC_WARN_64_TO_32_BIT_CONVERSION = YES;
				GCC_WARN_ABOUT_RETURN_TYPE = YES_ERROR;
				GCC_WARN_UNDECLARED_SELECTOR = YES;
				GCC_WARN_UNINITIALIZED_AUTOS = YES_AGGRESSIVE;
				GCC_WARN_UNUSED_FUNCTION = YES;
				GCC_WARN_UNUSED_VARIABLE = YES;
				IPHONEOS_DEPLOYMENT_TARGET = 17.0;
				LOCALIZATION_PREFERS_STRING_CATALOGS = YES;
				MTL_ENABLE_DEBUG_INFO = NO;
				MTL_FAST_MATH = YES;
				SDKROOT = iphoneos;
				SWIFT_COMPILATION_MODE = wholemodule;
				VALIDATE_PRODUCT = YES;
			};
			name = Release;
		};
		B00211122C779FD20096B6FC /* Debug */ = {
			isa = XCBuildConfiguration;
			buildSettings = {
				ASSETCATALOG_COMPILER_APPICON_NAME = AppIcon;
				ASSETCATALOG_COMPILER_GLOBAL_ACCENT_COLOR_NAME = AccentColor;
				CODE_SIGN_STYLE = Automatic;
				CURRENT_PROJECT_VERSION = 1;
				DEVELOPMENT_TEAM = 7Y6TYDQ939;
				GENERATE_INFOPLIST_FILE = YES;
				INFOPLIST_FILE = BasicMusic/Info.plist;
				INFOPLIST_KEY_UIApplicationSupportsIndirectInputEvents = YES;
				INFOPLIST_KEY_UILaunchStoryboardName = LaunchScreen;
				INFOPLIST_KEY_UIMainStoryboardFile = Main;
				INFOPLIST_KEY_UISupportedInterfaceOrientations = UIInterfaceOrientationPortrait;
				INFOPLIST_KEY_UISupportedInterfaceOrientations_iPad = "UIInterfaceOrientationLandscapeLeft UIInterfaceOrientationLandscapeRight UIInterfaceOrientationPortrait UIInterfaceOrientationPortraitUpsideDown";
				IPHONEOS_DEPLOYMENT_TARGET = 13.0;
				LD_RUNPATH_SEARCH_PATHS = (
					"$(inherited)",
					"@executable_path/Frameworks",
				);
				MARKETING_VERSION = 1.0;
				PRODUCT_BUNDLE_IDENTIFIER = com.ddudios.BasicMusic;
				PRODUCT_NAME = "$(TARGET_NAME)";
				SUPPORTED_PLATFORMS = "iphoneos iphonesimulator";
				SUPPORTS_MACCATALYST = NO;
				SUPPORTS_MAC_DESIGNED_FOR_IPHONE_IPAD = NO;
				SWIFT_EMIT_LOC_STRINGS = YES;
				SWIFT_VERSION = 5.0;
				TARGETED_DEVICE_FAMILY = 1;
			};
			name = Debug;
		};
		B00211132C779FD20096B6FC /* Release */ = {
			isa = XCBuildConfiguration;
			buildSettings = {
				ASSETCATALOG_COMPILER_APPICON_NAME = AppIcon;
				ASSETCATALOG_COMPILER_GLOBAL_ACCENT_COLOR_NAME = AccentColor;
				CODE_SIGN_STYLE = Automatic;
				CURRENT_PROJECT_VERSION = 1;
				DEVELOPMENT_TEAM = 7Y6TYDQ939;
				GENERATE_INFOPLIST_FILE = YES;
				INFOPLIST_FILE = BasicMusic/Info.plist;
				INFOPLIST_KEY_UIApplicationSupportsIndirectInputEvents = YES;
				INFOPLIST_KEY_UILaunchStoryboardName = LaunchScreen;
				INFOPLIST_KEY_UIMainStoryboardFile = Main;
				INFOPLIST_KEY_UISupportedInterfaceOrientations = UIInterfaceOrientationPortrait;
				INFOPLIST_KEY_UISupportedInterfaceOrientations_iPad = "UIInterfaceOrientationLandscapeLeft UIInterfaceOrientationLandscapeRight UIInterfaceOrientationPortrait UIInterfaceOrientationPortraitUpsideDown";
				IPHONEOS_DEPLOYMENT_TARGET = 13.0;
				LD_RUNPATH_SEARCH_PATHS = (
					"$(inherited)",
					"@executable_path/Frameworks",
				);
				MARKETING_VERSION = 1.0;
				PRODUCT_BUNDLE_IDENTIFIER = com.ddudios.BasicMusic;
				PRODUCT_NAME = "$(TARGET_NAME)";
				SUPPORTED_PLATFORMS = "iphoneos iphonesimulator";
				SUPPORTS_MACCATALYST = NO;
				SUPPORTS_MAC_DESIGNED_FOR_IPHONE_IPAD = NO;
				SWIFT_EMIT_LOC_STRINGS = YES;
				SWIFT_VERSION = 5.0;
				TARGETED_DEVICE_FAMILY = 1;
			};
			name = Release;
		};
/* End XCBuildConfiguration section */

/* Begin XCConfigurationList section */
		B00210F82C779FCE0096B6FC /* Build configuration list for PBXProject "BasicMusic" */ = {
			isa = XCConfigurationList;
			buildConfigurations = (
				B002110F2C779FD20096B6FC /* Debug */,
				B00211102C779FD20096B6FC /* Release */,
			);
			defaultConfigurationIsVisible = 0;
			defaultConfigurationName = Release;
		};
		B00211112C779FD20096B6FC /* Build configuration list for PBXNativeTarget "BasicMusic" */ = {
			isa = XCConfigurationList;
			buildConfigurations = (
				B00211122C779FD20096B6FC /* Debug */,
				B00211132C779FD20096B6FC /* Release */,
			);
			defaultConfigurationIsVisible = 0;
			defaultConfigurationName = Release;
		};
/* End XCConfigurationList section */
	};
	rootObject = B00210F52C779FCE0096B6FC /* Project object */;
}
