// !$*UTF8*$!
{
	archiveVersion = 1;
	classes = {
	};
	objectVersion = 56;
	objects = {

/* Begin PBXBuildFile section */
		B092BA4A2C8442B600618A9D /* AppDelegate.swift in Sources */ = {isa = PBXBuildFile; fileRef = B092BA492C8442B600618A9D /* AppDelegate.swift */; };
		B092BA4C2C8442B600618A9D /* SceneDelegate.swift in Sources */ = {isa = PBXBuildFile; fileRef = B092BA4B2C8442B600618A9D /* SceneDelegate.swift */; };
		B092BA4E2C8442B600618A9D /* ViewController.swift in Sources */ = {isa = PBXBuildFile; fileRef = B092BA4D2C8442B600618A9D /* ViewController.swift */; };
		B092BA512C8442B600618A9D /* Main.storyboard in Resources */ = {isa = PBXBuildFile; fileRef = B092BA4F2C8442B600618A9D /* Main.storyboard */; };
		B092BA532C8442B800618A9D /* Assets.xcassets in Resources */ = {isa = PBXBuildFile; fileRef = B092BA522C8442B800618A9D /* Assets.xcassets */; };
		B092BA562C8442B800618A9D /* LaunchScreen.storyboard in Resources */ = {isa = PBXBuildFile; fileRef = B092BA542C8442B800618A9D /* LaunchScreen.storyboard */; };
		B092BA622C84430000618A9D /* APIService.swift in Sources */ = {isa = PBXBuildFile; fileRef = B092BA612C84430000618A9D /* APIService.swift */; };
		B092BA642C84430F00618A9D /* LoginResponse.swift in Sources */ = {isa = PBXBuildFile; fileRef = B092BA632C84430F00618A9D /* LoginResponse.swift */; };
		B092BA662C84433400618A9D /* LoginViewModel.swift in Sources */ = {isa = PBXBuildFile; fileRef = B092BA652C84433400618A9D /* LoginViewModel.swift */; };
		B092BA682C84434200618A9D /* FirstPageViewModel.swift in Sources */ = {isa = PBXBuildFile; fileRef = B092BA672C84434200618A9D /* FirstPageViewModel.swift */; };
		B092BA6A2C845DC400618A9D /* FirstPageViewController.swift in Sources */ = {isa = PBXBuildFile; fileRef = B092BA692C845DC400618A9D /* FirstPageViewController.swift */; };
/* End PBXBuildFile section */

/* Begin PBXFileReference section */
		B092BA462C8442B600618A9D /* LoginMVVM.app */ = {isa = PBXFileReference; explicitFileType = wrapper.application; includeInIndex = 0; path = LoginMVVM.app; sourceTree = BUILT_PRODUCTS_DIR; };
		B092BA492C8442B600618A9D /* AppDelegate.swift */ = {isa = PBXFileReference; lastKnownFileType = sourcecode.swift; path = AppDelegate.swift; sourceTree = "<group>"; };
		B092BA4B2C8442B600618A9D /* SceneDelegate.swift */ = {isa = PBXFileReference; lastKnownFileType = sourcecode.swift; path = SceneDelegate.swift; sourceTree = "<group>"; };
		B092BA4D2C8442B600618A9D /* ViewController.swift */ = {isa = PBXFileReference; lastKnownFileType = sourcecode.swift; path = ViewController.swift; sourceTree = "<group>"; };
		B092BA502C8442B600618A9D /* Base */ = {isa = PBXFileReference; lastKnownFileType = file.storyboard; name = Base; path = Base.lproj/Main.storyboard; sourceTree = "<group>"; };
		B092BA522C8442B800618A9D /* Assets.xcassets */ = {isa = PBXFileReference; lastKnownFileType = folder.assetcatalog; path = Assets.xcassets; sourceTree = "<group>"; };
		B092BA552C8442B800618A9D /* Base */ = {isa = PBXFileReference; lastKnownFileType = file.storyboard; name = Base; path = Base.lproj/LaunchScreen.storyboard; sourceTree = "<group>"; };
		B092BA572C8442B800618A9D /* Info.plist */ = {isa = PBXFileReference; lastKnownFileType = text.plist.xml; path = Info.plist; sourceTree = "<group>"; };
		B092BA612C84430000618A9D /* APIService.swift */ = {isa = PBXFileReference; lastKnownFileType = sourcecode.swift; path = APIService.swift; sourceTree = "<group>"; };
		B092BA632C84430F00618A9D /* LoginResponse.swift */ = {isa = PBXFileReference; lastKnownFileType = sourcecode.swift; path = LoginResponse.swift; sourceTree = "<group>"; };
		B092BA652C84433400618A9D /* LoginViewModel.swift */ = {isa = PBXFileReference; lastKnownFileType = sourcecode.swift; path = LoginViewModel.swift; sourceTree = "<group>"; };
		B092BA672C84434200618A9D /* FirstPageViewModel.swift */ = {isa = PBXFileReference; lastKnownFileType = sourcecode.swift; path = FirstPageViewModel.swift; sourceTree = "<group>"; };
		B092BA692C845DC400618A9D /* FirstPageViewController.swift */ = {isa = PBXFileReference; lastKnownFileType = sourcecode.swift; path = FirstPageViewController.swift; sourceTree = "<group>"; };
/* End PBXFileReference section */

/* Begin PBXFrameworksBuildPhase section */
		B092BA432C8442B600618A9D /* Frameworks */ = {
			isa = PBXFrameworksBuildPhase;
			buildActionMask = 2147483647;
			files = (
			);
			runOnlyForDeploymentPostprocessing = 0;
		};
/* End PBXFrameworksBuildPhase section */

/* Begin PBXGroup section */
		B092BA3D2C8442B600618A9D = {
			isa = PBXGroup;
			children = (
				B092BA482C8442B600618A9D /* LoginMVVM */,
				B092BA472C8442B600618A9D /* Products */,
			);
			sourceTree = "<group>";
		};
		B092BA472C8442B600618A9D /* Products */ = {
			isa = PBXGroup;
			children = (
				B092BA462C8442B600618A9D /* LoginMVVM.app */,
			);
			name = Products;
			sourceTree = "<group>";
		};
		B092BA482C8442B600618A9D /* LoginMVVM */ = {
			isa = PBXGroup;
			children = (
				B092BA492C8442B600618A9D /* AppDelegate.swift */,
				B092BA4B2C8442B600618A9D /* SceneDelegate.swift */,
				B092BA602C8442F100618A9D /* Networking */,
				B092BA5F2C8442E200618A9D /* Model */,
				B092BA5E2C8442DA00618A9D /* ViewModel */,
				B092BA5D2C8442CE00618A9D /* View */,
				B092BA522C8442B800618A9D /* Assets.xcassets */,
				B092BA542C8442B800618A9D /* LaunchScreen.storyboard */,
				B092BA572C8442B800618A9D /* Info.plist */,
			);
			path = LoginMVVM;
			sourceTree = "<group>";
		};
		B092BA5D2C8442CE00618A9D /* View */ = {
			isa = PBXGroup;
			children = (
				B092BA4F2C8442B600618A9D /* Main.storyboard */,
				B092BA4D2C8442B600618A9D /* ViewController.swift */,
				B092BA692C845DC400618A9D /* FirstPageViewController.swift */,
			);
			path = View;
			sourceTree = "<group>";
		};
		B092BA5E2C8442DA00618A9D /* ViewModel */ = {
			isa = PBXGroup;
			children = (
				B092BA652C84433400618A9D /* LoginViewModel.swift */,
				B092BA672C84434200618A9D /* FirstPageViewModel.swift */,
			);
			path = ViewModel;
			sourceTree = "<group>";
		};
		B092BA5F2C8442E200618A9D /* Model */ = {
			isa = PBXGroup;
			children = (
				B092BA632C84430F00618A9D /* LoginResponse.swift */,
			);
			path = Model;
			sourceTree = "<group>";
		};
		B092BA602C8442F100618A9D /* Networking */ = {
			isa = PBXGroup;
			children = (
				B092BA612C84430000618A9D /* APIService.swift */,
			);
			path = Networking;
			sourceTree = "<group>";
		};
/* End PBXGroup section */

/* Begin PBXNativeTarget section */
		B092BA452C8442B600618A9D /* LoginMVVM */ = {
			isa = PBXNativeTarget;
			buildConfigurationList = B092BA5A2C8442B800618A9D /* Build configuration list for PBXNativeTarget "LoginMVVM" */;
			buildPhases = (
				B092BA422C8442B600618A9D /* Sources */,
				B092BA432C8442B600618A9D /* Frameworks */,
				B092BA442C8442B600618A9D /* Resources */,
			);
			buildRules = (
			);
			dependencies = (
			);
			name = LoginMVVM;
			productName = LoginMVVM;
			productReference = B092BA462C8442B600618A9D /* LoginMVVM.app */;
			productType = "com.apple.product-type.application";
		};
/* End PBXNativeTarget section */

/* Begin PBXProject section */
		B092BA3E2C8442B600618A9D /* Project object */ = {
			isa = PBXProject;
			attributes = {
				BuildIndependentTargetsInParallel = 1;
				LastSwiftUpdateCheck = 1500;
				LastUpgradeCheck = 1500;
				TargetAttributes = {
					B092BA452C8442B600618A9D = {
						CreatedOnToolsVersion = 15.0;
					};
				};
			};
			buildConfigurationList = B092BA412C8442B600618A9D /* Build configuration list for PBXProject "LoginMVVM" */;
			compatibilityVersion = "Xcode 14.0";
			developmentRegion = en;
			hasScannedForEncodings = 0;
			knownRegions = (
				en,
				Base,
			);
			mainGroup = B092BA3D2C8442B600618A9D;
			productRefGroup = B092BA472C8442B600618A9D /* Products */;
			projectDirPath = "";
			projectRoot = "";
			targets = (
				B092BA452C8442B600618A9D /* LoginMVVM */,
			);
		};
/* End PBXProject section */

/* Begin PBXResourcesBuildPhase section */
		B092BA442C8442B600618A9D /* Resources */ = {
			isa = PBXResourcesBuildPhase;
			buildActionMask = 2147483647;
			files = (
				B092BA562C8442B800618A9D /* LaunchScreen.storyboard in Resources */,
				B092BA532C8442B800618A9D /* Assets.xcassets in Resources */,
				B092BA512C8442B600618A9D /* Main.storyboard in Resources */,
			);
			runOnlyForDeploymentPostprocessing = 0;
		};
/* End PBXResourcesBuildPhase section */

/* Begin PBXSourcesBuildPhase section */
		B092BA422C8442B600618A9D /* Sources */ = {
			isa = PBXSourcesBuildPhase;
			buildActionMask = 2147483647;
			files = (
				B092BA4E2C8442B600618A9D /* ViewController.swift in Sources */,
				B092BA4A2C8442B600618A9D /* AppDelegate.swift in Sources */,
				B092BA682C84434200618A9D /* FirstPageViewModel.swift in Sources */,
				B092BA662C84433400618A9D /* LoginViewModel.swift in Sources */,
				B092BA6A2C845DC400618A9D /* FirstPageViewController.swift in Sources */,
				B092BA622C84430000618A9D /* APIService.swift in Sources */,
				B092BA4C2C8442B600618A9D /* SceneDelegate.swift in Sources */,
				B092BA642C84430F00618A9D /* LoginResponse.swift in Sources */,
			);
			runOnlyForDeploymentPostprocessing = 0;
		};
/* End PBXSourcesBuildPhase section */

/* Begin PBXVariantGroup section */
		B092BA4F2C8442B600618A9D /* Main.storyboard */ = {
			isa = PBXVariantGroup;
			children = (
				B092BA502C8442B600618A9D /* Base */,
			);
			name = Main.storyboard;
			sourceTree = "<group>";
		};
		B092BA542C8442B800618A9D /* LaunchScreen.storyboard */ = {
			isa = PBXVariantGroup;
			children = (
				B092BA552C8442B800618A9D /* Base */,
			);
			name = LaunchScreen.storyboard;
			sourceTree = "<group>";
		};
/* End PBXVariantGroup section */

/* Begin XCBuildConfiguration section */
		B092BA582C8442B800618A9D /* Debug */ = {
			isa = XCBuildConfiguration;
			buildSettings = {
				ALWAYS_SEARCH_USER_PATHS = NO;
				ASSETCATALOG_COMPILER_GENERATE_SWIFT_ASSET_SYMBOL_EXTENSIONS = YES;
				CLANG_ANALYZER_NONNULL = YES;
				CLANG_ANALYZER_NUMBER_OBJECT_CONVERSION = YES_AGGRESSIVE;
				CLANG_CXX_LANGUAGE_STANDARD = "gnu++20";
				CLANG_ENABLE_MODULES = YES;
				CLANG_ENABLE_OBJC_ARC = YES;
				CLANG_ENABLE_OBJC_WEAK = YES;
				CLANG_WARN_BLOCK_CAPTURE_AUTORELEASING = YES;
				CLANG_WARN_BOOL_CONVERSION = YES;
				CLANG_WARN_COMMA = YES;
				CLANG_WARN_CONSTANT_CONVERSION = YES;
				CLANG_WARN_DEPRECATED_OBJC_IMPLEMENTATIONS = YES;
				CLANG_WARN_DIRECT_OBJC_ISA_USAGE = YES_ERROR;
				CLANG_WARN_DOCUMENTATION_COMMENTS = YES;
				CLANG_WARN_EMPTY_BODY = YES;
				CLANG_WARN_ENUM_CONVERSION = YES;
				CLANG_WARN_INFINITE_RECURSION = YES;
				CLANG_WARN_INT_CONVERSION = YES;
				CLANG_WARN_NON_LITERAL_NULL_CONVERSION = YES;
				CLANG_WARN_OBJC_IMPLICIT_RETAIN_SELF = YES;
				CLANG_WARN_OBJC_LITERAL_CONVERSION = YES;
				CLANG_WARN_OBJC_ROOT_CLASS = YES_ERROR;
				CLANG_WARN_QUOTED_INCLUDE_IN_FRAMEWORK_HEADER = YES;
				CLANG_WARN_RANGE_LOOP_ANALYSIS = YES;
				CLANG_WARN_STRICT_PROTOTYPES = YES;
				CLANG_WARN_SUSPICIOUS_MOVE = YES;
				CLANG_WARN_UNGUARDED_AVAILABILITY = YES_AGGRESSIVE;
				CLANG_WARN_UNREACHABLE_CODE = YES;
				CLANG_WARN__DUPLICATE_METHOD_MATCH = YES;
				COPY_PHASE_STRIP = NO;
				DEBUG_INFORMATION_FORMAT = dwarf;
				ENABLE_STRICT_OBJC_MSGSEND = YES;
				ENABLE_TESTABILITY = YES;
				ENABLE_USER_SCRIPT_SANDBOXING = YES;
				GCC_C_LANGUAGE_STANDARD = gnu17;
				GCC_DYNAMIC_NO_PIC = NO;
				GCC_NO_COMMON_BLOCKS = YES;
				GCC_OPTIMIZATION_LEVEL = 0;
				GCC_PREPROCESSOR_DEFINITIONS = (
					"DEBUG=1",
					"$(inherited)",
				);
				GCC_WARN_64_TO_32_BIT_CONVERSION = YES;
				GCC_WARN_ABOUT_RETURN_TYPE = YES_ERROR;
				GCC_WARN_UNDECLARED_SELECTOR = YES;
				GCC_WARN_UNINITIALIZED_AUTOS = YES_AGGRESSIVE;
				GCC_WARN_UNUSED_FUNCTION = YES;
				GCC_WARN_UNUSED_VARIABLE = YES;
				IPHONEOS_DEPLOYMENT_TARGET = 17.0;
				LOCALIZATION_PREFERS_STRING_CATALOGS = YES;
				MTL_ENABLE_DEBUG_INFO = INCLUDE_SOURCE;
				MTL_FAST_MATH = YES;
				ONLY_ACTIVE_ARCH = YES;
				SDKROOT = iphoneos;
				SWIFT_ACTIVE_COMPILATION_CONDITIONS = "DEBUG $(inherited)";
				SWIFT_OPTIMIZATION_LEVEL = "-Onone";
			};
			name = Debug;
		};
		B092BA592C8442B800618A9D /* Release */ = {
			isa = XCBuildConfiguration;
			buildSettings = {
				ALWAYS_SEARCH_USER_PATHS = NO;
				ASSETCATALOG_COMPILER_GENERATE_SWIFT_ASSET_SYMBOL_EXTENSIONS = YES;
				CLANG_ANALYZER_NONNULL = YES;
				CLANG_ANALYZER_NUMBER_OBJECT_CONVERSION = YES_AGGRESSIVE;
				CLANG_CXX_LANGUAGE_STANDARD = "gnu++20";
				CLANG_ENABLE_MODULES = YES;
				CLANG_ENABLE_OBJC_ARC = YES;
				CLANG_ENABLE_OBJC_WEAK = YES;
				CLANG_WARN_BLOCK_CAPTURE_AUTORELEASING = YES;
				CLANG_WARN_BOOL_CONVERSION = YES;
				CLANG_WARN_COMMA = YES;
				CLANG_WARN_CONSTANT_CONVERSION = YES;
				CLANG_WARN_DEPRECATED_OBJC_IMPLEMENTATIONS = YES;
				CLANG_WARN_DIRECT_OBJC_ISA_USAGE = YES_ERROR;
				CLANG_WARN_DOCUMENTATION_COMMENTS = YES;
				CLANG_WARN_EMPTY_BODY = YES;
				CLANG_WARN_ENUM_CONVERSION = YES;
				CLANG_WARN_INFINITE_RECURSION = YES;
				CLANG_WARN_INT_CONVERSION = YES;
				CLANG_WARN_NON_LITERAL_NULL_CONVERSION = YES;
				CLANG_WARN_OBJC_IMPLICIT_RETAIN_SELF = YES;
				CLANG_WARN_OBJC_LITERAL_CONVERSION = YES;
				CLANG_WARN_OBJC_ROOT_CLASS = YES_ERROR;
				CLANG_WARN_QUOTED_INCLUDE_IN_FRAMEWORK_HEADER = YES;
				CLANG_WARN_RANGE_LOOP_ANALYSIS = YES;
				CLANG_WARN_STRICT_PROTOTYPES = YES;
				CLANG_WARN_SUSPICIOUS_MOVE = YES;
				CLANG_WARN_UNGUARDED_AVAILABILITY = YES_AGGRESSIVE;
				CLANG_WARN_UNREACHABLE_CODE = YES;
				CLANG_WARN__DUPLICATE_METHOD_MATCH = YES;
				COPY_PHASE_STRIP = NO;
				DEBUG_INFORMATION_FORMAT = "dwarf-with-dsym";
				ENABLE_NS_ASSERTIONS = NO;
				ENABLE_STRICT_OBJC_MSGSEND = YES;
				ENABLE_USER_SCRIPT_SANDBOXING = YES;
				GCC_C_LANGUAGE_STANDARD = gnu17;
				GCC_NO_COMMON_BLOCKS = YES;
				GCC_WARN_64_TO_32_BIT_CONVERSION = YES;
				GCC_WARN_ABOUT_RETURN_TYPE = YES_ERROR;
				GCC_WARN_UNDECLARED_SELECTOR = YES;
				GCC_WARN_UNINITIALIZED_AUTOS = YES_AGGRESSIVE;
				GCC_WARN_UNUSED_FUNCTION = YES;
				GCC_WARN_UNUSED_VARIABLE = YES;
				IPHONEOS_DEPLOYMENT_TARGET = 17.0;
				LOCALIZATION_PREFERS_STRING_CATALOGS = YES;
				MTL_ENABLE_DEBUG_INFO = NO;
				MTL_FAST_MATH = YES;
				SDKROOT = iphoneos;
				SWIFT_COMPILATION_MODE = wholemodule;
				VALIDATE_PRODUCT = YES;
			};
			name = Release;
		};
		B092BA5B2C8442B800618A9D /* Debug */ = {
			isa = XCBuildConfiguration;
			buildSettings = {
				ASSETCATALOG_COMPILER_APPICON_NAME = AppIcon;
				ASSETCATALOG_COMPILER_GLOBAL_ACCENT_COLOR_NAME = AccentColor;
				CODE_SIGN_STYLE = Automatic;
				CURRENT_PROJECT_VERSION = 1;
				DEVELOPMENT_TEAM = 7Y6TYDQ939;
				GENERATE_INFOPLIST_FILE = YES;
				INFOPLIST_FILE = LoginMVVM/Info.plist;
				INFOPLIST_KEY_UIApplicationSupportsIndirectInputEvents = YES;
				INFOPLIST_KEY_UILaunchStoryboardName = LaunchScreen;
				INFOPLIST_KEY_UIMainStoryboardFile = Main;
				INFOPLIST_KEY_UISupportedInterfaceOrientations = UIInterfaceOrientationPortrait;
				INFOPLIST_KEY_UISupportedInterfaceOrientations_iPad = "UIInterfaceOrientationLandscapeLeft UIInterfaceOrientationLandscapeRight UIInterfaceOrientationPortrait UIInterfaceOrientationPortraitUpsideDown";
				LD_RUNPATH_SEARCH_PATHS = (
					"$(inherited)",
					"@executable_path/Frameworks",
				);
				MARKETING_VERSION = 1.0;
				PRODUCT_BUNDLE_IDENTIFIER = com.ddudios.LoginMVVM;
				PRODUCT_NAME = "$(TARGET_NAME)";
				SUPPORTED_PLATFORMS = "iphoneos iphonesimulator";
				SUPPORTS_MACCATALYST = NO;
				SUPPORTS_MAC_DESIGNED_FOR_IPHONE_IPAD = NO;
				SWIFT_EMIT_LOC_STRINGS = YES;
				SWIFT_VERSION = 5.0;
				TARGETED_DEVICE_FAMILY = 1;
			};
			name = Debug;
		};
		B092BA5C2C8442B800618A9D /* Release */ = {
			isa = XCBuildConfiguration;
			buildSettings = {
				ASSETCATALOG_COMPILER_APPICON_NAME = AppIcon;
				ASSETCATALOG_COMPILER_GLOBAL_ACCENT_COLOR_NAME = AccentColor;
				CODE_SIGN_STYLE = Automatic;
				CURRENT_PROJECT_VERSION = 1;
				DEVELOPMENT_TEAM = 7Y6TYDQ939;
				GENERATE_INFOPLIST_FILE = YES;
				INFOPLIST_FILE = LoginMVVM/Info.plist;
				INFOPLIST_KEY_UIApplicationSupportsIndirectInputEvents = YES;
				INFOPLIST_KEY_UILaunchStoryboardName = LaunchScreen;
				INFOPLIST_KEY_UIMainStoryboardFile = Main;
				INFOPLIST_KEY_UISupportedInterfaceOrientations = UIInterfaceOrientationPortrait;
				INFOPLIST_KEY_UISupportedInterfaceOrientations_iPad = "UIInterfaceOrientationLandscapeLeft UIInterfaceOrientationLandscapeRight UIInterfaceOrientationPortrait UIInterfaceOrientationPortraitUpsideDown";
				LD_RUNPATH_SEARCH_PATHS = (
					"$(inherited)",
					"@executable_path/Frameworks",
				);
				MARKETING_VERSION = 1.0;
				PRODUCT_BUNDLE_IDENTIFIER = com.ddudios.LoginMVVM;
				PRODUCT_NAME = "$(TARGET_NAME)";
				SUPPORTED_PLATFORMS = "iphoneos iphonesimulator";
				SUPPORTS_MACCATALYST = NO;
				SUPPORTS_MAC_DESIGNED_FOR_IPHONE_IPAD = NO;
				SWIFT_EMIT_LOC_STRINGS = YES;
				SWIFT_VERSION = 5.0;
				TARGETED_DEVICE_FAMILY = 1;
			};
			name = Release;
		};
/* End XCBuildConfiguration section */

/* Begin XCConfigurationList section */
		B092BA412C8442B600618A9D /* Build configuration list for PBXProject "LoginMVVM" */ = {
			isa = XCConfigurationList;
			buildConfigurations = (
				B092BA582C8442B800618A9D /* Debug */,
				B092BA592C8442B800618A9D /* Release */,
			);
			defaultConfigurationIsVisible = 0;
			defaultConfigurationName = Release;
		};
		B092BA5A2C8442B800618A9D /* Build configuration list for PBXNativeTarget "LoginMVVM" */ = {
			isa = XCConfigurationList;
			buildConfigurations = (
				B092BA5B2C8442B800618A9D /* Debug */,
				B092BA5C2C8442B800618A9D /* Release */,
			);
			defaultConfigurationIsVisible = 0;
			defaultConfigurationName = Release;
		};
/* End XCConfigurationList section */
	};
	rootObject = B092BA3E2C8442B600618A9D /* Project object */;
}
